// !$*UTF8*$!
{
	archiveVersion = 1;
	classes = {
	};
	objectVersion = 46;
	objects = {

/* Begin PBXBuildFile section */
		155E008B1C4378490022FAC1 /* AppDelegate.swift in Sources */ = {isa = PBXBuildFile; fileRef = 155E008A1C4378490022FAC1 /* AppDelegate.swift */; };
		155E008D1C4378490022FAC1 /* ViewController.swift in Sources */ = {isa = PBXBuildFile; fileRef = 155E008C1C4378490022FAC1 /* ViewController.swift */; };
		155E00901C4378490022FAC1 /* Main.storyboard in Resources */ = {isa = PBXBuildFile; fileRef = 155E008E1C4378490022FAC1 /* Main.storyboard */; };
		155E00921C4378490022FAC1 /* Assets.xcassets in Resources */ = {isa = PBXBuildFile; fileRef = 155E00911C4378490022FAC1 /* Assets.xcassets */; };
		155E00951C4378490022FAC1 /* LaunchScreen.storyboard in Resources */ = {isa = PBXBuildFile; fileRef = 155E00931C4378490022FAC1 /* LaunchScreen.storyboard */; };
		155E00A01C4378490022FAC1 /* MyRandomSketchTests.swift in Sources */ = {isa = PBXBuildFile; fileRef = 155E009F1C4378490022FAC1 /* MyRandomSketchTests.swift */; };
		155E00AB1C4378490022FAC1 /* MyRandomSketchUITests.swift in Sources */ = {isa = PBXBuildFile; fileRef = 155E00AA1C4378490022FAC1 /* MyRandomSketchUITests.swift */; };
/* End PBXBuildFile section */

/* Begin PBXContainerItemProxy section */
		155E009C1C4378490022FAC1 /* PBXContainerItemProxy */ = {
			isa = PBXContainerItemProxy;
			containerPortal = 155E007F1C4378490022FAC1 /* Project object */;
			proxyType = 1;
			remoteGlobalIDString = 155E00861C4378490022FAC1;
			remoteInfo = MyRandomSketch;
		};
		155E00A71C4378490022FAC1 /* PBXContainerItemProxy */ = {
			isa = PBXContainerItemProxy;
			containerPortal = 155E007F1C4378490022FAC1 /* Project object */;
			proxyType = 1;
			remoteGlobalIDString = 155E00861C4378490022FAC1;
			remoteInfo = MyRandomSketch;
		};
/* End PBXContainerItemProxy section */

/* Begin PBXFileReference section */
		155E00871C4378490022FAC1 /* MyRandomSketch.app */ = {isa = PBXFileReference; explicitFileType = wrapper.application; includeInIndex = 0; path = MyRandomSketch.app; sourceTree = BUILT_PRODUCTS_DIR; };
		155E008A1C4378490022FAC1 /* AppDelegate.swift */ = {isa = PBXFileReference; lastKnownFileType = sourcecode.swift; path = AppDelegate.swift; sourceTree = "<group>"; };
		155E008C1C4378490022FAC1 /* ViewController.swift */ = {isa = PBXFileReference; lastKnownFileType = sourcecode.swift; path = ViewController.swift; sourceTree = "<group>"; };
		155E008F1C4378490022FAC1 /* Base */ = {isa = PBXFileReference; lastKnownFileType = file.storyboard; name = Base; path = Base.lproj/Main.storyboard; sourceTree = "<group>"; };
		155E00911C4378490022FAC1 /* Assets.xcassets */ = {isa = PBXFileReference; lastKnownFileType = folder.assetcatalog; path = Assets.xcassets; sourceTree = "<group>"; };
		155E00941C4378490022FAC1 /* Base */ = {isa = PBXFileReference; lastKnownFileType = file.storyboard; name = Base; path = Base.lproj/LaunchScreen.storyboard; sourceTree = "<group>"; };
		155E00961C4378490022FAC1 /* Info.plist */ = {isa = PBXFileReference; lastKnownFileType = text.plist.xml; path = Info.plist; sourceTree = "<group>"; };
		155E009B1C4378490022FAC1 /* MyRandomSketchTests.xctest */ = {isa = PBXFileReference; explicitFileType = wrapper.cfbundle; includeInIndex = 0; path = MyRandomSketchTests.xctest; sourceTree = BUILT_PRODUCTS_DIR; };
		155E009F1C4378490022FAC1 /* MyRandomSketchTests.swift */ = {isa = PBXFileReference; lastKnownFileType = sourcecode.swift; path = MyRandomSketchTests.swift; sourceTree = "<group>"; };
		155E00A11C4378490022FAC1 /* Info.plist */ = {isa = PBXFileReference; lastKnownFileType = text.plist.xml; path = Info.plist; sourceTree = "<group>"; };
		155E00A61C4378490022FAC1 /* MyRandomSketchUITests.xctest */ = {isa = PBXFileReference; explicitFileType = wrapper.cfbundle; includeInIndex = 0; path = MyRandomSketchUITests.xctest; sourceTree = BUILT_PRODUCTS_DIR; };
		155E00AA1C4378490022FAC1 /* MyRandomSketchUITests.swift */ = {isa = PBXFileReference; lastKnownFileType = sourcecode.swift; path = MyRandomSketchUITests.swift; sourceTree = "<group>"; };
		155E00AC1C4378490022FAC1 /* Info.plist */ = {isa = PBXFileReference; lastKnownFileType = text.plist.xml; path = Info.plist; sourceTree = "<group>"; };
/* End PBXFileReference section */

/* Begin PBXFrameworksBuildPhase section */
		155E00841C4378490022FAC1 /* Frameworks */ = {
			isa = PBXFrameworksBuildPhase;
			buildActionMask = 2147483647;
			files = (
			);
			runOnlyForDeploymentPostprocessing = 0;
		};
		155E00981C4378490022FAC1 /* Frameworks */ = {
			isa = PBXFrameworksBuildPhase;
			buildActionMask = 2147483647;
			files = (
			);
			runOnlyForDeploymentPostprocessing = 0;
		};
		155E00A31C4378490022FAC1 /* Frameworks */ = {
			isa = PBXFrameworksBuildPhase;
			buildActionMask = 2147483647;
			files = (
			);
			runOnlyForDeploymentPostprocessing = 0;
		};
/* End PBXFrameworksBuildPhase section */

/* Begin PBXGroup section */
		155E007E1C4378490022FAC1 = {
			isa = PBXGroup;
			children = (
				155E00891C4378490022FAC1 /* MyRandomSketch */,
				155E009E1C4378490022FAC1 /* MyRandomSketchTests */,
				155E00A91C4378490022FAC1 /* MyRandomSketchUITests */,
				155E00881C4378490022FAC1 /* Products */,
			);
			sourceTree = "<group>";
		};
		155E00881C4378490022FAC1 /* Products */ = {
			isa = PBXGroup;
			children = (
				155E00871C4378490022FAC1 /* MyRandomSketch.app */,
				155E009B1C4378490022FAC1 /* MyRandomSketchTests.xctest */,
				155E00A61C4378490022FAC1 /* MyRandomSketchUITests.xctest */,
			);
			name = Products;
			sourceTree = "<group>";
		};
		155E00891C4378490022FAC1 /* MyRandomSketch */ = {
			isa = PBXGroup;
			children = (
				155E008A1C4378490022FAC1 /* AppDelegate.swift */,
				155E008C1C4378490022FAC1 /* ViewController.swift */,
				155E008E1C4378490022FAC1 /* Main.storyboard */,
				155E00911C4378490022FAC1 /* Assets.xcassets */,
				155E00931C4378490022FAC1 /* LaunchScreen.storyboard */,
				155E00961C4378490022FAC1 /* Info.plist */,
			);
			path = MyRandomSketch;
			sourceTree = "<group>";
		};
		155E009E1C4378490022FAC1 /* MyRandomSketchTests */ = {
			isa = PBXGroup;
			children = (
				155E009F1C4378490022FAC1 /* MyRandomSketchTests.swift */,
				155E00A11C4378490022FAC1 /* Info.plist */,
			);
			path = MyRandomSketchTests;
			sourceTree = "<group>";
		};
		155E00A91C4378490022FAC1 /* MyRandomSketchUITests */ = {
			isa = PBXGroup;
			children = (
				155E00AA1C4378490022FAC1 /* MyRandomSketchUITests.swift */,
				155E00AC1C4378490022FAC1 /* Info.plist */,
			);
			path = MyRandomSketchUITests;
			sourceTree = "<group>";
		};
/* End PBXGroup section */

/* Begin PBXNativeTarget section */
		155E00861C4378490022FAC1 /* MyRandomSketch */ = {
			isa = PBXNativeTarget;
			buildConfigurationList = 155E00AF1C4378490022FAC1 /* Build configuration list for PBXNativeTarget "MyRandomSketch" */;
			buildPhases = (
				155E00831C4378490022FAC1 /* Sources */,
				155E00841C4378490022FAC1 /* Frameworks */,
				155E00851C4378490022FAC1 /* Resources */,
			);
			buildRules = (
			);
			dependencies = (
			);
			name = MyRandomSketch;
			productName = MyRandomSketch;
			productReference = 155E00871C4378490022FAC1 /* MyRandomSketch.app */;
			productType = "com.apple.product-type.application";
		};
		155E009A1C4378490022FAC1 /* MyRandomSketchTests */ = {
			isa = PBXNativeTarget;
			buildConfigurationList = 155E00B21C4378490022FAC1 /* Build configuration list for PBXNativeTarget "MyRandomSketchTests" */;
			buildPhases = (
				155E00971C4378490022FAC1 /* Sources */,
				155E00981C4378490022FAC1 /* Frameworks */,
				155E00991C4378490022FAC1 /* Resources */,
			);
			buildRules = (
			);
			dependencies = (
				155E009D1C4378490022FAC1 /* PBXTargetDependency */,
			);
			name = MyRandomSketchTests;
			productName = MyRandomSketchTests;
			productReference = 155E009B1C4378490022FAC1 /* MyRandomSketchTests.xctest */;
			productType = "com.apple.product-type.bundle.unit-test";
		};
		155E00A51C4378490022FAC1 /* MyRandomSketchUITests */ = {
			isa = PBXNativeTarget;
			buildConfigurationList = 155E00B51C4378490022FAC1 /* Build configuration list for PBXNativeTarget "MyRandomSketchUITests" */;
			buildPhases = (
				155E00A21C4378490022FAC1 /* Sources */,
				155E00A31C4378490022FAC1 /* Frameworks */,
				155E00A41C4378490022FAC1 /* Resources */,
			);
			buildRules = (
			);
			dependencies = (
				155E00A81C4378490022FAC1 /* PBXTargetDependency */,
			);
			name = MyRandomSketchUITests;
			productName = MyRandomSketchUITests;
			productReference = 155E00A61C4378490022FAC1 /* MyRandomSketchUITests.xctest */;
			productType = "com.apple.product-type.bundle.ui-testing";
		};
/* End PBXNativeTarget section */

/* Begin PBXProject section */
		155E007F1C4378490022FAC1 /* Project object */ = {
			isa = PBXProject;
			attributes = {
				LastSwiftUpdateCheck = 0720;
				LastUpgradeCheck = 0720;
				ORGANIZATIONNAME = KoreaUniv.;
				TargetAttributes = {
					155E00861C4378490022FAC1 = {
						CreatedOnToolsVersion = 7.2;
					};
					155E009A1C4378490022FAC1 = {
						CreatedOnToolsVersion = 7.2;
						TestTargetID = 155E00861C4378490022FAC1;
					};
					155E00A51C4378490022FAC1 = {
						CreatedOnToolsVersion = 7.2;
						TestTargetID = 155E00861C4378490022FAC1;
					};
				};
			};
			buildConfigurationList = 155E00821C4378490022FAC1 /* Build configuration list for PBXProject "MyRandomSketch" */;
			compatibilityVersion = "Xcode 3.2";
			developmentRegion = English;
			hasScannedForEncodings = 0;
			knownRegions = (
				en,
				Base,
			);
			mainGroup = 155E007E1C4378490022FAC1;
			productRefGroup = 155E00881C4378490022FAC1 /* Products */;
			projectDirPath = "";
			projectRoot = "";
			targets = (
				155E00861C4378490022FAC1 /* MyRandomSketch */,
				155E009A1C4378490022FAC1 /* MyRandomSketchTests */,
				155E00A51C4378490022FAC1 /* MyRandomSketchUITests */,
			);
		};
/* End PBXProject section */

/* Begin PBXResourcesBuildPhase section */
		155E00851C4378490022FAC1 /* Resources */ = {
			isa = PBXResourcesBuildPhase;
			buildActionMask = 2147483647;
			files = (
				155E00951C4378490022FAC1 /* LaunchScreen.storyboard in Resources */,
				155E00921C4378490022FAC1 /* Assets.xcassets in Resources */,
				155E00901C4378490022FAC1 /* Main.storyboard in Resources */,
			);
			runOnlyForDeploymentPostprocessing = 0;
		};
		155E00991C4378490022FAC1 /* Resources */ = {
			isa = PBXResourcesBuildPhase;
			buildActionMask = 2147483647;
			files = (
			);
			runOnlyForDeploymentPostprocessing = 0;
		};
		155E00A41C4378490022FAC1 /* Resources */ = {
			isa = PBXResourcesBuildPhase;
			buildActionMask = 2147483647;
			files = (
			);
			runOnlyForDeploymentPostprocessing = 0;
		};
/* End PBXResourcesBuildPhase section */

/* Begin PBXSourcesBuildPhase section */
		155E00831C4378490022FAC1 /* Sources */ = {
			isa = PBXSourcesBuildPhase;
			buildActionMask = 2147483647;
			files = (
				155E008D1C4378490022FAC1 /* ViewController.swift in Sources */,
				155E008B1C4378490022FAC1 /* AppDelegate.swift in Sources */,
			);
			runOnlyForDeploymentPostprocessing = 0;
		};
		155E00971C4378490022FAC1 /* Sources */ = {
			isa = PBXSourcesBuildPhase;
			buildActionMask = 2147483647;
			files = (
				155E00A01C4378490022FAC1 /* MyRandomSketchTests.swift in Sources */,
			);
			runOnlyForDeploymentPostprocessing = 0;
		};
		155E00A21C4378490022FAC1 /* Sources */ = {
			isa = PBXSourcesBuildPhase;
			buildActionMask = 2147483647;
			files = (
				155E00AB1C4378490022FAC1 /* MyRandomSketchUITests.swift in Sources */,
			);
			runOnlyForDeploymentPostprocessing = 0;
		};
/* End PBXSourcesBuildPhase section */

/* Begin PBXTargetDependency section */
		155E009D1C4378490022FAC1 /* PBXTargetDependency */ = {
			isa = PBXTargetDependency;
			target = 155E00861C4378490022FAC1 /* MyRandomSketch */;
			targetProxy = 155E009C1C4378490022FAC1 /* PBXContainerItemProxy */;
		};
		155E00A81C4378490022FAC1 /* PBXTargetDependency */ = {
			isa = PBXTargetDependency;
			target = 155E00861C4378490022FAC1 /* MyRandomSketch */;
			targetProxy = 155E00A71C4378490022FAC1 /* PBXContainerItemProxy */;
		};
/* End PBXTargetDependency section */

/* Begin PBXVariantGroup section */
		155E008E1C4378490022FAC1 /* Main.storyboard */ = {
			isa = PBXVariantGroup;
			children = (
				155E008F1C4378490022FAC1 /* Base */,
			);
			name = Main.storyboard;
			sourceTree = "<group>";
		};
		155E00931C4378490022FAC1 /* LaunchScreen.storyboard */ = {
			isa = PBXVariantGroup;
			children = (
				155E00941C4378490022FAC1 /* Base */,
			);
			name = LaunchScreen.storyboard;
			sourceTree = "<group>";
		};
/* End PBXVariantGroup section */

/* Begin XCBuildConfiguration section */
		155E00AD1C4378490022FAC1 /* Debug */ = {
			isa = XCBuildConfiguration;
			buildSettings = {
				ALWAYS_SEARCH_USER_PATHS = NO;
				CLANG_CXX_LANGUAGE_STANDARD = "gnu++0x";
				CLANG_CXX_LIBRARY = "libc++";
				CLANG_ENABLE_MODULES = YES;
				CLANG_ENABLE_OBJC_ARC = YES;
				CLANG_WARN_BOOL_CONVERSION = YES;
				CLANG_WARN_CONSTANT_CONVERSION = YES;
				CLANG_WARN_DIRECT_OBJC_ISA_USAGE = YES_ERROR;
				CLANG_WARN_EMPTY_BODY = YES;
				CLANG_WARN_ENUM_CONVERSION = YES;
				CLANG_WARN_INT_CONVERSION = YES;
				CLANG_WARN_OBJC_ROOT_CLASS = YES_ERROR;
				CLANG_WARN_UNREACHABLE_CODE = YES;
				CLANG_WARN__DUPLICATE_METHOD_MATCH = YES;
				"CODE_SIGN_IDENTITY[sdk=iphoneos*]" = "iPhone Developer";
				COPY_PHASE_STRIP = NO;
				DEBUG_INFORMATION_FORMAT = dwarf;
				ENABLE_STRICT_OBJC_MSGSEND = YES;
				ENABLE_TESTABILITY = YES;
				GCC_C_LANGUAGE_STANDARD = gnu99;
				GCC_DYNAMIC_NO_PIC = NO;
				GCC_NO_COMMON_BLOCKS = YES;
				GCC_OPTIMIZATION_LEVEL = 0;
				GCC_PREPROCESSOR_DEFINITIONS = (
					"DEBUG=1",
					"$(inherited)",
				);
				GCC_WARN_64_TO_32_BIT_CONVERSION = YES;
				GCC_WARN_ABOUT_RETURN_TYPE = YES_ERROR;
				GCC_WARN_UNDECLARED_SELECTOR = YES;
				GCC_WARN_UNINITIALIZED_AUTOS = YES_AGGRESSIVE;
				GCC_WARN_UNUSED_FUNCTION = YES;
				GCC_WARN_UNUSED_VARIABLE = YES;
				IPHONEOS_DEPLOYMENT_TARGET = 9.2;
				MTL_ENABLE_DEBUG_INFO = YES;
				ONLY_ACTIVE_ARCH = YES;
				SDKROOT = iphoneos;
				SWIFT_OPTIMIZATION_LEVEL = "-Onone";
				TARGETED_DEVICE_FAMILY = "1,2";
			};
			name = Debug;
		};
		155E00AE1C4378490022FAC1 /* Release */ = {
			isa = XCBuildConfiguration;
			buildSettings = {
				ALWAYS_SEARCH_USER_PATHS = NO;
				CLANG_CXX_LANGUAGE_STANDARD = "gnu++0x";
				CLANG_CXX_LIBRARY = "libc++";
				CLANG_ENABLE_MODULES = YES;
				CLANG_ENABLE_OBJC_ARC = YES;
				CLANG_WARN_BOOL_CONVERSION = YES;
				CLANG_WARN_CONSTANT_CONVERSION = YES;
				CLANG_WARN_DIRECT_OBJC_ISA_USAGE = YES_ERROR;
				CLANG_WARN_EMPTY_BODY = YES;
				CLANG_WARN_ENUM_CONVERSION = YES;
				CLANG_WARN_INT_CONVERSION = YES;
				CLANG_WARN_OBJC_ROOT_CLASS = YES_ERROR;
				CLANG_WARN_UNREACHABLE_CODE = YES;
				CLANG_WARN__DUPLICATE_METHOD_MATCH = YES;
				"CODE_SIGN_IDENTITY[sdk=iphoneos*]" = "iPhone Developer";
				COPY_PHASE_STRIP = NO;
				DEBUG_INFORMATION_FORMAT = "dwarf-with-dsym";
				ENABLE_NS_ASSERTIONS = NO;
				ENABLE_STRICT_OBJC_MSGSEND = YES;
				GCC_C_LANGUAGE_STANDARD = gnu99;
				GCC_NO_COMMON_BLOCKS = YES;
				GCC_WARN_64_TO_32_BIT_CONVERSION = YES;
				GCC_WARN_ABOUT_RETURN_TYPE = YES_ERROR;
				GCC_WARN_UNDECLARED_SELECTOR = YES;
				GCC_WARN_UNINITIALIZED_AUTOS = YES_AGGRESSIVE;
				GCC_WARN_UNUSED_FUNCTION = YES;
				GCC_WARN_UNUSED_VARIABLE = YES;
				IPHONEOS_DEPLOYMENT_TARGET = 9.2;
				MTL_ENABLE_DEBUG_INFO = NO;
				SDKROOT = iphoneos;
				TARGETED_DEVICE_FAMILY = "1,2";
				VALIDATE_PRODUCT = YES;
			};
			name = Release;
		};
		155E00B01C4378490022FAC1 /* Debug */ = {
			isa = XCBuildConfiguration;
			buildSettings = {
				ASSETCATALOG_COMPILER_APPICON_NAME = AppIcon;
				INFOPLIST_FILE = MyRandomSketch/Info.plist;
				LD_RUNPATH_SEARCH_PATHS = "$(inherited) @executable_path/Frameworks";
				PRODUCT_BUNDLE_IDENTIFIER = kr.ac.korea.MyRandomSketch;
				PRODUCT_NAME = "$(TARGET_NAME)";
			};
			name = Debug;
		};
		155E00B11C4378490022FAC1 /* Release */ = {
			isa = XCBuildConfiguration;
			buildSettings = {
				ASSETCATALOG_COMPILER_APPICON_NAME = AppIcon;
				INFOPLIST_FILE = MyRandomSketch/Info.plist;
				LD_RUNPATH_SEARCH_PATHS = "$(inherited) @executable_path/Frameworks";
				PRODUCT_BUNDLE_IDENTIFIER = kr.ac.korea.MyRandomSketch;
				PRODUCT_NAME = "$(TARGET_NAME)";
			};
			name = Release;
		};
		155E00B31C4378490022FAC1 /* Debug */ = {
			isa = XCBuildConfiguration;
			buildSettings = {
				BUNDLE_LOADER = "$(TEST_HOST)";
				INFOPLIST_FILE = MyRandomSketchTests/Info.plist;
				LD_RUNPATH_SEARCH_PATHS = "$(inherited) @executable_path/Frameworks @loader_path/Frameworks";
				PRODUCT_BUNDLE_IDENTIFIER = kr.ac.korea.MyRandomSketchTests;
				PRODUCT_NAME = "$(TARGET_NAME)";
				TEST_HOST = "$(BUILT_PRODUCTS_DIR)/MyRandomSketch.app/MyRandomSketch";
			};
			name = Debug;
		};
		155E00B41C4378490022FAC1 /* Release */ = {
			isa = XCBuildConfiguration;
			buildSettings = {
				BUNDLE_LOADER = "$(TEST_HOST)";
				INFOPLIST_FILE = MyRandomSketchTests/Info.plist;
				LD_RUNPATH_SEARCH_PATHS = "$(inherited) @executable_path/Frameworks @loader_path/Frameworks";
				PRODUCT_BUNDLE_IDENTIFIER = kr.ac.korea.MyRandomSketchTests;
				PRODUCT_NAME = "$(TARGET_NAME)";
				TEST_HOST = "$(BUILT_PRODUCTS_DIR)/MyRandomSketch.app/MyRandomSketch";
			};
			name = Release;
		};
		155E00B61C4378490022FAC1 /* Debug */ = {
			isa = XCBuildConfiguration;
			buildSettings = {
				INFOPLIST_FILE = MyRandomSketchUITests/Info.plist;
				LD_RUNPATH_SEARCH_PATHS = "$(inherited) @executable_path/Frameworks @loader_path/Frameworks";
				PRODUCT_BUNDLE_IDENTIFIER = kr.ac.korea.MyRandomSketchUITests;
				PRODUCT_NAME = "$(TARGET_NAME)";
				TEST_TARGET_NAME = MyRandomSketch;
				USES_XCTRUNNER = YES;
			};
			name = Debug;
		};
		155E00B71C4378490022FAC1 /* Release */ = {
			isa = XCBuildConfiguration;
			buildSettings = {
				INFOPLIST_FILE = MyRandomSketchUITests/Info.plist;
				LD_RUNPATH_SEARCH_PATHS = "$(inherited) @executable_path/Frameworks @loader_path/Frameworks";
				PRODUCT_BUNDLE_IDENTIFIER = kr.ac.korea.MyRandomSketchUITests;
				PRODUCT_NAME = "$(TARGET_NAME)";
				TEST_TARGET_NAME = MyRandomSketch;
				USES_XCTRUNNER = YES;
			};
			name = Release;
		};
/* End XCBuildConfiguration section */

/* Begin XCConfigurationList section */
		155E00821C4378490022FAC1 /* Build configuration list for PBXProject "MyRandomSketch" */ = {
			isa = XCConfigurationList;
			buildConfigurations = (
				155E00AD1C4378490022FAC1 /* Debug */,
				155E00AE1C4378490022FAC1 /* Release */,
			);
			defaultConfigurationIsVisible = 0;
			defaultConfigurationName = Release;
		};
		155E00AF1C4378490022FAC1 /* Build configuration list for PBXNativeTarget "MyRandomSketch" */ = {
			isa = XCConfigurationList;
			buildConfigurations = (
				155E00B01C4378490022FAC1 /* Debug */,
				155E00B11C4378490022FAC1 /* Release */,
			);
			defaultConfigurationIsVisible = 0;
		};
		155E00B21C4378490022FAC1 /* Build configuration list for PBXNativeTarget "MyRandomSketchTests" */ = {
			isa = XCConfigurationList;
			buildConfigurations = (
				155E00B31C4378490022FAC1 /* Debug */,
				155E00B41C4378490022FAC1 /* Release */,
			);
			defaultConfigurationIsVisible = 0;
		};
		155E00B51C4378490022FAC1 /* Build configuration list for PBXNativeTarget "MyRandomSketchUITests" */ = {
			isa = XCConfigurationList;
			buildConfigurations = (
				155E00B61C4378490022FAC1 /* Debug */,
				155E00B71C4378490022FAC1 /* Release */,
			);
			defaultConfigurationIsVisible = 0;
		};
/* End XCConfigurationList section */
	};
	rootObject = 155E007F1C4378490022FAC1 /* Project object */;
}
