// !$*UTF8*$!
{
	archiveVersion = 1;
	classes = {
	};
	objectVersion = 46;
	objects = {

/* Begin PBXBuildFile section */
		9D38C8C41C58879800E5DE85 /* AppDelegate.swift in Sources */ = {isa = PBXBuildFile; fileRef = 9D38C8C31C58879800E5DE85 /* AppDelegate.swift */; };
		9D38C8C61C58879800E5DE85 /* ViewController.swift in Sources */ = {isa = PBXBuildFile; fileRef = 9D38C8C51C58879800E5DE85 /* ViewController.swift */; };
		9D38C8C91C58879800E5DE85 /* Main.storyboard in Resources */ = {isa = PBXBuildFile; fileRef = 9D38C8C71C58879800E5DE85 /* Main.storyboard */; };
		9D38C8CB1C58879800E5DE85 /* Assets.xcassets in Resources */ = {isa = PBXBuildFile; fileRef = 9D38C8CA1C58879800E5DE85 /* Assets.xcassets */; };
		9D38C8CE1C58879800E5DE85 /* LaunchScreen.storyboard in Resources */ = {isa = PBXBuildFile; fileRef = 9D38C8CC1C58879800E5DE85 /* LaunchScreen.storyboard */; };
		9D38C8D91C58879800E5DE85 /* Teacher___StudentTests.swift in Sources */ = {isa = PBXBuildFile; fileRef = 9D38C8D81C58879800E5DE85 /* Teacher___StudentTests.swift */; };
		9D38C8E41C58879800E5DE85 /* Teacher___StudentUITests.swift in Sources */ = {isa = PBXBuildFile; fileRef = 9D38C8E31C58879800E5DE85 /* Teacher___StudentUITests.swift */; };
/* End PBXBuildFile section */

/* Begin PBXContainerItemProxy section */
		9D38C8D51C58879800E5DE85 /* PBXContainerItemProxy */ = {
			isa = PBXContainerItemProxy;
			containerPortal = 9D38C8B81C58879800E5DE85 /* Project object */;
			proxyType = 1;
			remoteGlobalIDString = 9D38C8BF1C58879800E5DE85;
			remoteInfo = "Teacher & Student";
		};
		9D38C8E01C58879800E5DE85 /* PBXContainerItemProxy */ = {
			isa = PBXContainerItemProxy;
			containerPortal = 9D38C8B81C58879800E5DE85 /* Project object */;
			proxyType = 1;
			remoteGlobalIDString = 9D38C8BF1C58879800E5DE85;
			remoteInfo = "Teacher & Student";
		};
/* End PBXContainerItemProxy section */

/* Begin PBXFileReference section */
		9D38C8C01C58879800E5DE85 /* Teacher & Student.app */ = {isa = PBXFileReference; explicitFileType = wrapper.application; includeInIndex = 0; path = "Teacher & Student.app"; sourceTree = BUILT_PRODUCTS_DIR; };
		9D38C8C31C58879800E5DE85 /* AppDelegate.swift */ = {isa = PBXFileReference; lastKnownFileType = sourcecode.swift; path = AppDelegate.swift; sourceTree = "<group>"; };
		9D38C8C51C58879800E5DE85 /* ViewController.swift */ = {isa = PBXFileReference; lastKnownFileType = sourcecode.swift; path = ViewController.swift; sourceTree = "<group>"; };
		9D38C8C81C58879800E5DE85 /* Base */ = {isa = PBXFileReference; lastKnownFileType = file.storyboard; name = Base; path = Base.lproj/Main.storyboard; sourceTree = "<group>"; };
		9D38C8CA1C58879800E5DE85 /* Assets.xcassets */ = {isa = PBXFileReference; lastKnownFileType = folder.assetcatalog; path = Assets.xcassets; sourceTree = "<group>"; };
		9D38C8CD1C58879800E5DE85 /* Base */ = {isa = PBXFileReference; lastKnownFileType = file.storyboard; name = Base; path = Base.lproj/LaunchScreen.storyboard; sourceTree = "<group>"; };
		9D38C8CF1C58879800E5DE85 /* Info.plist */ = {isa = PBXFileReference; lastKnownFileType = text.plist.xml; path = Info.plist; sourceTree = "<group>"; };
		9D38C8D41C58879800E5DE85 /* Teacher & StudentTests.xctest */ = {isa = PBXFileReference; explicitFileType = wrapper.cfbundle; includeInIndex = 0; path = "Teacher & StudentTests.xctest"; sourceTree = BUILT_PRODUCTS_DIR; };
		9D38C8D81C58879800E5DE85 /* Teacher___StudentTests.swift */ = {isa = PBXFileReference; lastKnownFileType = sourcecode.swift; path = "Teacher___StudentTests.swift"; sourceTree = "<group>"; };
		9D38C8DA1C58879800E5DE85 /* Info.plist */ = {isa = PBXFileReference; lastKnownFileType = text.plist.xml; path = Info.plist; sourceTree = "<group>"; };
		9D38C8DF1C58879800E5DE85 /* Teacher & StudentUITests.xctest */ = {isa = PBXFileReference; explicitFileType = wrapper.cfbundle; includeInIndex = 0; path = "Teacher & StudentUITests.xctest"; sourceTree = BUILT_PRODUCTS_DIR; };
		9D38C8E31C58879800E5DE85 /* Teacher___StudentUITests.swift */ = {isa = PBXFileReference; lastKnownFileType = sourcecode.swift; path = "Teacher___StudentUITests.swift"; sourceTree = "<group>"; };
		9D38C8E51C58879800E5DE85 /* Info.plist */ = {isa = PBXFileReference; lastKnownFileType = text.plist.xml; path = Info.plist; sourceTree = "<group>"; };
/* End PBXFileReference section */

/* Begin PBXFrameworksBuildPhase section */
		9D38C8BD1C58879800E5DE85 /* Frameworks */ = {
			isa = PBXFrameworksBuildPhase;
			buildActionMask = 2147483647;
			files = (
			);
			runOnlyForDeploymentPostprocessing = 0;
		};
		9D38C8D11C58879800E5DE85 /* Frameworks */ = {
			isa = PBXFrameworksBuildPhase;
			buildActionMask = 2147483647;
			files = (
			);
			runOnlyForDeploymentPostprocessing = 0;
		};
		9D38C8DC1C58879800E5DE85 /* Frameworks */ = {
			isa = PBXFrameworksBuildPhase;
			buildActionMask = 2147483647;
			files = (
			);
			runOnlyForDeploymentPostprocessing = 0;
		};
/* End PBXFrameworksBuildPhase section */

/* Begin PBXGroup section */
		9D38C8B71C58879800E5DE85 = {
			isa = PBXGroup;
			children = (
				9D38C8C21C58879800E5DE85 /* Teacher & Student */,
				9D38C8D71C58879800E5DE85 /* Teacher & StudentTests */,
				9D38C8E21C58879800E5DE85 /* Teacher & StudentUITests */,
				9D38C8C11C58879800E5DE85 /* Products */,
			);
			sourceTree = "<group>";
		};
		9D38C8C11C58879800E5DE85 /* Products */ = {
			isa = PBXGroup;
			children = (
				9D38C8C01C58879800E5DE85 /* Teacher & Student.app */,
				9D38C8D41C58879800E5DE85 /* Teacher & StudentTests.xctest */,
				9D38C8DF1C58879800E5DE85 /* Teacher & StudentUITests.xctest */,
			);
			name = Products;
			sourceTree = "<group>";
		};
		9D38C8C21C58879800E5DE85 /* Teacher & Student */ = {
			isa = PBXGroup;
			children = (
				9D38C8C31C58879800E5DE85 /* AppDelegate.swift */,
				9D38C8C51C58879800E5DE85 /* ViewController.swift */,
				9D38C8C71C58879800E5DE85 /* Main.storyboard */,
				9D38C8CA1C58879800E5DE85 /* Assets.xcassets */,
				9D38C8CC1C58879800E5DE85 /* LaunchScreen.storyboard */,
				9D38C8CF1C58879800E5DE85 /* Info.plist */,
			);
			path = "Teacher & Student";
			sourceTree = "<group>";
		};
		9D38C8D71C58879800E5DE85 /* Teacher & StudentTests */ = {
			isa = PBXGroup;
			children = (
				9D38C8D81C58879800E5DE85 /* Teacher___StudentTests.swift */,
				9D38C8DA1C58879800E5DE85 /* Info.plist */,
			);
			path = "Teacher & StudentTests";
			sourceTree = "<group>";
		};
		9D38C8E21C58879800E5DE85 /* Teacher & StudentUITests */ = {
			isa = PBXGroup;
			children = (
				9D38C8E31C58879800E5DE85 /* Teacher___StudentUITests.swift */,
				9D38C8E51C58879800E5DE85 /* Info.plist */,
			);
			path = "Teacher & StudentUITests";
			sourceTree = "<group>";
		};
/* End PBXGroup section */

/* Begin PBXNativeTarget section */
		9D38C8BF1C58879800E5DE85 /* Teacher & Student */ = {
			isa = PBXNativeTarget;
			buildConfigurationList = 9D38C8E81C58879800E5DE85 /* Build configuration list for PBXNativeTarget "Teacher & Student" */;
			buildPhases = (
				9D38C8BC1C58879800E5DE85 /* Sources */,
				9D38C8BD1C58879800E5DE85 /* Frameworks */,
				9D38C8BE1C58879800E5DE85 /* Resources */,
			);
			buildRules = (
			);
			dependencies = (
			);
			name = "Teacher & Student";
			productName = "Teacher & Student";
			productReference = 9D38C8C01C58879800E5DE85 /* Teacher & Student.app */;
			productType = "com.apple.product-type.application";
		};
		9D38C8D31C58879800E5DE85 /* Teacher & StudentTests */ = {
			isa = PBXNativeTarget;
			buildConfigurationList = 9D38C8EB1C58879800E5DE85 /* Build configuration list for PBXNativeTarget "Teacher & StudentTests" */;
			buildPhases = (
				9D38C8D01C58879800E5DE85 /* Sources */,
				9D38C8D11C58879800E5DE85 /* Frameworks */,
				9D38C8D21C58879800E5DE85 /* Resources */,
			);
			buildRules = (
			);
			dependencies = (
				9D38C8D61C58879800E5DE85 /* PBXTargetDependency */,
			);
			name = "Teacher & StudentTests";
			productName = "Teacher & StudentTests";
			productReference = 9D38C8D41C58879800E5DE85 /* Teacher & StudentTests.xctest */;
			productType = "com.apple.product-type.bundle.unit-test";
		};
		9D38C8DE1C58879800E5DE85 /* Teacher & StudentUITests */ = {
			isa = PBXNativeTarget;
			buildConfigurationList = 9D38C8EE1C58879800E5DE85 /* Build configuration list for PBXNativeTarget "Teacher & StudentUITests" */;
			buildPhases = (
				9D38C8DB1C58879800E5DE85 /* Sources */,
				9D38C8DC1C58879800E5DE85 /* Frameworks */,
				9D38C8DD1C58879800E5DE85 /* Resources */,
			);
			buildRules = (
			);
			dependencies = (
				9D38C8E11C58879800E5DE85 /* PBXTargetDependency */,
			);
			name = "Teacher & StudentUITests";
			productName = "Teacher & StudentUITests";
			productReference = 9D38C8DF1C58879800E5DE85 /* Teacher & StudentUITests.xctest */;
			productType = "com.apple.product-type.bundle.ui-testing";
		};
/* End PBXNativeTarget section */

/* Begin PBXProject section */
		9D38C8B81C58879800E5DE85 /* Project object */ = {
			isa = PBXProject;
			attributes = {
				LastSwiftUpdateCheck = 0720;
				LastUpgradeCheck = 0720;
				ORGANIZATIONNAME = KoreaUniversity;
				TargetAttributes = {
					9D38C8BF1C58879800E5DE85 = {
						CreatedOnToolsVersion = 7.2;
					};
					9D38C8D31C58879800E5DE85 = {
						CreatedOnToolsVersion = 7.2;
						TestTargetID = 9D38C8BF1C58879800E5DE85;
					};
					9D38C8DE1C58879800E5DE85 = {
						CreatedOnToolsVersion = 7.2;
						TestTargetID = 9D38C8BF1C58879800E5DE85;
					};
				};
			};
			buildConfigurationList = 9D38C8BB1C58879800E5DE85 /* Build configuration list for PBXProject "Teacher & Student" */;
			compatibilityVersion = "Xcode 3.2";
			developmentRegion = English;
			hasScannedForEncodings = 0;
			knownRegions = (
				en,
				Base,
			);
			mainGroup = 9D38C8B71C58879800E5DE85;
			productRefGroup = 9D38C8C11C58879800E5DE85 /* Products */;
			projectDirPath = "";
			projectRoot = "";
			targets = (
				9D38C8BF1C58879800E5DE85 /* Teacher & Student */,
				9D38C8D31C58879800E5DE85 /* Teacher & StudentTests */,
				9D38C8DE1C58879800E5DE85 /* Teacher & StudentUITests */,
			);
		};
/* End PBXProject section */

/* Begin PBXResourcesBuildPhase section */
		9D38C8BE1C58879800E5DE85 /* Resources */ = {
			isa = PBXResourcesBuildPhase;
			buildActionMask = 2147483647;
			files = (
				9D38C8CE1C58879800E5DE85 /* LaunchScreen.storyboard in Resources */,
				9D38C8CB1C58879800E5DE85 /* Assets.xcassets in Resources */,
				9D38C8C91C58879800E5DE85 /* Main.storyboard in Resources */,
			);
			runOnlyForDeploymentPostprocessing = 0;
		};
		9D38C8D21C58879800E5DE85 /* Resources */ = {
			isa = PBXResourcesBuildPhase;
			buildActionMask = 2147483647;
			files = (
			);
			runOnlyForDeploymentPostprocessing = 0;
		};
		9D38C8DD1C58879800E5DE85 /* Resources */ = {
			isa = PBXResourcesBuildPhase;
			buildActionMask = 2147483647;
			files = (
			);
			runOnlyForDeploymentPostprocessing = 0;
		};
/* End PBXResourcesBuildPhase section */

/* Begin PBXSourcesBuildPhase section */
		9D38C8BC1C58879800E5DE85 /* Sources */ = {
			isa = PBXSourcesBuildPhase;
			buildActionMask = 2147483647;
			files = (
				9D38C8C61C58879800E5DE85 /* ViewController.swift in Sources */,
				9D38C8C41C58879800E5DE85 /* AppDelegate.swift in Sources */,
			);
			runOnlyForDeploymentPostprocessing = 0;
		};
		9D38C8D01C58879800E5DE85 /* Sources */ = {
			isa = PBXSourcesBuildPhase;
			buildActionMask = 2147483647;
			files = (
				9D38C8D91C58879800E5DE85 /* Teacher___StudentTests.swift in Sources */,
			);
			runOnlyForDeploymentPostprocessing = 0;
		};
		9D38C8DB1C58879800E5DE85 /* Sources */ = {
			isa = PBXSourcesBuildPhase;
			buildActionMask = 2147483647;
			files = (
				9D38C8E41C58879800E5DE85 /* Teacher___StudentUITests.swift in Sources */,
			);
			runOnlyForDeploymentPostprocessing = 0;
		};
/* End PBXSourcesBuildPhase section */

/* Begin PBXTargetDependency section */
		9D38C8D61C58879800E5DE85 /* PBXTargetDependency */ = {
			isa = PBXTargetDependency;
			target = 9D38C8BF1C58879800E5DE85 /* Teacher & Student */;
			targetProxy = 9D38C8D51C58879800E5DE85 /* PBXContainerItemProxy */;
		};
		9D38C8E11C58879800E5DE85 /* PBXTargetDependency */ = {
			isa = PBXTargetDependency;
			target = 9D38C8BF1C58879800E5DE85 /* Teacher & Student */;
			targetProxy = 9D38C8E01C58879800E5DE85 /* PBXContainerItemProxy */;
		};
/* End PBXTargetDependency section */

/* Begin PBXVariantGroup section */
		9D38C8C71C58879800E5DE85 /* Main.storyboard */ = {
			isa = PBXVariantGroup;
			children = (
				9D38C8C81C58879800E5DE85 /* Base */,
			);
			name = Main.storyboard;
			sourceTree = "<group>";
		};
		9D38C8CC1C58879800E5DE85 /* LaunchScreen.storyboard */ = {
			isa = PBXVariantGroup;
			children = (
				9D38C8CD1C58879800E5DE85 /* Base */,
			);
			name = LaunchScreen.storyboard;
			sourceTree = "<group>";
		};
/* End PBXVariantGroup section */

/* Begin XCBuildConfiguration section */
		9D38C8E61C58879800E5DE85 /* Debug */ = {
			isa = XCBuildConfiguration;
			buildSettings = {
				ALWAYS_SEARCH_USER_PATHS = NO;
				CLANG_CXX_LANGUAGE_STANDARD = "gnu++0x";
				CLANG_CXX_LIBRARY = "libc++";
				CLANG_ENABLE_MODULES = YES;
				CLANG_ENABLE_OBJC_ARC = YES;
				CLANG_WARN_BOOL_CONVERSION = YES;
				CLANG_WARN_CONSTANT_CONVERSION = YES;
				CLANG_WARN_DIRECT_OBJC_ISA_USAGE = YES_ERROR;
				CLANG_WARN_EMPTY_BODY = YES;
				CLANG_WARN_ENUM_CONVERSION = YES;
				CLANG_WARN_INT_CONVERSION = YES;
				CLANG_WARN_OBJC_ROOT_CLASS = YES_ERROR;
				CLANG_WARN_UNREACHABLE_CODE = YES;
				CLANG_WARN__DUPLICATE_METHOD_MATCH = YES;
				"CODE_SIGN_IDENTITY[sdk=iphoneos*]" = "iPhone Developer";
				COPY_PHASE_STRIP = NO;
				DEBUG_INFORMATION_FORMAT = dwarf;
				ENABLE_STRICT_OBJC_MSGSEND = YES;
				ENABLE_TESTABILITY = YES;
				GCC_C_LANGUAGE_STANDARD = gnu99;
				GCC_DYNAMIC_NO_PIC = NO;
				GCC_NO_COMMON_BLOCKS = YES;
				GCC_OPTIMIZATION_LEVEL = 0;
				GCC_PREPROCESSOR_DEFINITIONS = (
					"DEBUG=1",
					"$(inherited)",
				);
				GCC_WARN_64_TO_32_BIT_CONVERSION = YES;
				GCC_WARN_ABOUT_RETURN_TYPE = YES_ERROR;
				GCC_WARN_UNDECLARED_SELECTOR = YES;
				GCC_WARN_UNINITIALIZED_AUTOS = YES_AGGRESSIVE;
				GCC_WARN_UNUSED_FUNCTION = YES;
				GCC_WARN_UNUSED_VARIABLE = YES;
				IPHONEOS_DEPLOYMENT_TARGET = 9.2;
				MTL_ENABLE_DEBUG_INFO = YES;
				ONLY_ACTIVE_ARCH = YES;
				SDKROOT = iphoneos;
				SWIFT_OPTIMIZATION_LEVEL = "-Onone";
				TARGETED_DEVICE_FAMILY = "1,2";
			};
			name = Debug;
		};
		9D38C8E71C58879800E5DE85 /* Release */ = {
			isa = XCBuildConfiguration;
			buildSettings = {
				ALWAYS_SEARCH_USER_PATHS = NO;
				CLANG_CXX_LANGUAGE_STANDARD = "gnu++0x";
				CLANG_CXX_LIBRARY = "libc++";
				CLANG_ENABLE_MODULES = YES;
				CLANG_ENABLE_OBJC_ARC = YES;
				CLANG_WARN_BOOL_CONVERSION = YES;
				CLANG_WARN_CONSTANT_CONVERSION = YES;
				CLANG_WARN_DIRECT_OBJC_ISA_USAGE = YES_ERROR;
				CLANG_WARN_EMPTY_BODY = YES;
				CLANG_WARN_ENUM_CONVERSION = YES;
				CLANG_WARN_INT_CONVERSION = YES;
				CLANG_WARN_OBJC_ROOT_CLASS = YES_ERROR;
				CLANG_WARN_UNREACHABLE_CODE = YES;
				CLANG_WARN__DUPLICATE_METHOD_MATCH = YES;
				"CODE_SIGN_IDENTITY[sdk=iphoneos*]" = "iPhone Developer";
				COPY_PHASE_STRIP = NO;
				DEBUG_INFORMATION_FORMAT = "dwarf-with-dsym";
				ENABLE_NS_ASSERTIONS = NO;
				ENABLE_STRICT_OBJC_MSGSEND = YES;
				GCC_C_LANGUAGE_STANDARD = gnu99;
				GCC_NO_COMMON_BLOCKS = YES;
				GCC_WARN_64_TO_32_BIT_CONVERSION = YES;
				GCC_WARN_ABOUT_RETURN_TYPE = YES_ERROR;
				GCC_WARN_UNDECLARED_SELECTOR = YES;
				GCC_WARN_UNINITIALIZED_AUTOS = YES_AGGRESSIVE;
				GCC_WARN_UNUSED_FUNCTION = YES;
				GCC_WARN_UNUSED_VARIABLE = YES;
				IPHONEOS_DEPLOYMENT_TARGET = 9.2;
				MTL_ENABLE_DEBUG_INFO = NO;
				SDKROOT = iphoneos;
				TARGETED_DEVICE_FAMILY = "1,2";
				VALIDATE_PRODUCT = YES;
			};
			name = Release;
		};
		9D38C8E91C58879800E5DE85 /* Debug */ = {
			isa = XCBuildConfiguration;
			buildSettings = {
				ASSETCATALOG_COMPILER_APPICON_NAME = AppIcon;
				INFOPLIST_FILE = "Teacher & Student/Info.plist";
				LD_RUNPATH_SEARCH_PATHS = "$(inherited) @executable_path/Frameworks";
				PRODUCT_BUNDLE_IDENTIFIER = "kr.ac.korea.Teacher---Student";
				PRODUCT_NAME = "$(TARGET_NAME)";
			};
			name = Debug;
		};
		9D38C8EA1C58879800E5DE85 /* Release */ = {
			isa = XCBuildConfiguration;
			buildSettings = {
				ASSETCATALOG_COMPILER_APPICON_NAME = AppIcon;
				INFOPLIST_FILE = "Teacher & Student/Info.plist";
				LD_RUNPATH_SEARCH_PATHS = "$(inherited) @executable_path/Frameworks";
				PRODUCT_BUNDLE_IDENTIFIER = "kr.ac.korea.Teacher---Student";
				PRODUCT_NAME = "$(TARGET_NAME)";
			};
			name = Release;
		};
		9D38C8EC1C58879800E5DE85 /* Debug */ = {
			isa = XCBuildConfiguration;
			buildSettings = {
				BUNDLE_LOADER = "$(TEST_HOST)";
				INFOPLIST_FILE = "Teacher & StudentTests/Info.plist";
				LD_RUNPATH_SEARCH_PATHS = "$(inherited) @executable_path/Frameworks @loader_path/Frameworks";
				PRODUCT_BUNDLE_IDENTIFIER = "kr.ac.korea.Teacher---StudentTests";
				PRODUCT_NAME = "$(TARGET_NAME)";
				TEST_HOST = "$(BUILT_PRODUCTS_DIR)/Teacher & Student.app/Teacher & Student";
			};
			name = Debug;
		};
		9D38C8ED1C58879800E5DE85 /* Release */ = {
			isa = XCBuildConfiguration;
			buildSettings = {
				BUNDLE_LOADER = "$(TEST_HOST)";
				INFOPLIST_FILE = "Teacher & StudentTests/Info.plist";
				LD_RUNPATH_SEARCH_PATHS = "$(inherited) @executable_path/Frameworks @loader_path/Frameworks";
				PRODUCT_BUNDLE_IDENTIFIER = "kr.ac.korea.Teacher---StudentTests";
				PRODUCT_NAME = "$(TARGET_NAME)";
				TEST_HOST = "$(BUILT_PRODUCTS_DIR)/Teacher & Student.app/Teacher & Student";
			};
			name = Release;
		};
		9D38C8EF1C58879800E5DE85 /* Debug */ = {
			isa = XCBuildConfiguration;
			buildSettings = {
				INFOPLIST_FILE = "Teacher & StudentUITests/Info.plist";
				LD_RUNPATH_SEARCH_PATHS = "$(inherited) @executable_path/Frameworks @loader_path/Frameworks";
				PRODUCT_BUNDLE_IDENTIFIER = "kr.ac.korea.Teacher---StudentUITests";
				PRODUCT_NAME = "$(TARGET_NAME)";
				TEST_TARGET_NAME = "Teacher & Student";
				USES_XCTRUNNER = YES;
			};
			name = Debug;
		};
		9D38C8F01C58879800E5DE85 /* Release */ = {
			isa = XCBuildConfiguration;
			buildSettings = {
				INFOPLIST_FILE = "Teacher & StudentUITests/Info.plist";
				LD_RUNPATH_SEARCH_PATHS = "$(inherited) @executable_path/Frameworks @loader_path/Frameworks";
				PRODUCT_BUNDLE_IDENTIFIER = "kr.ac.korea.Teacher---StudentUITests";
				PRODUCT_NAME = "$(TARGET_NAME)";
				TEST_TARGET_NAME = "Teacher & Student";
				USES_XCTRUNNER = YES;
			};
			name = Release;
		};
/* End XCBuildConfiguration section */

/* Begin XCConfigurationList section */
		9D38C8BB1C58879800E5DE85 /* Build configuration list for PBXProject "Teacher & Student" */ = {
			isa = XCConfigurationList;
			buildConfigurations = (
				9D38C8E61C58879800E5DE85 /* Debug */,
				9D38C8E71C58879800E5DE85 /* Release */,
			);
			defaultConfigurationIsVisible = 0;
			defaultConfigurationName = Release;
		};
		9D38C8E81C58879800E5DE85 /* Build configuration list for PBXNativeTarget "Teacher & Student" */ = {
			isa = XCConfigurationList;
			buildConfigurations = (
				9D38C8E91C58879800E5DE85 /* Debug */,
				9D38C8EA1C58879800E5DE85 /* Release */,
			);
			defaultConfigurationIsVisible = 0;
		};
		9D38C8EB1C58879800E5DE85 /* Build configuration list for PBXNativeTarget "Teacher & StudentTests" */ = {
			isa = XCConfigurationList;
			buildConfigurations = (
				9D38C8EC1C58879800E5DE85 /* Debug */,
				9D38C8ED1C58879800E5DE85 /* Release */,
			);
			defaultConfigurationIsVisible = 0;
		};
		9D38C8EE1C58879800E5DE85 /* Build configuration list for PBXNativeTarget "Teacher & StudentUITests" */ = {
			isa = XCConfigurationList;
			buildConfigurations = (
				9D38C8EF1C58879800E5DE85 /* Debug */,
				9D38C8F01C58879800E5DE85 /* Release */,
			);
			defaultConfigurationIsVisible = 0;
		};
/* End XCConfigurationList section */
	};
	rootObject = 9D38C8B81C58879800E5DE85 /* Project object */;
}
