// !$*UTF8*$!
{
	archiveVersion = 1;
	classes = {
	};
	objectVersion = 46;
	objects = {

/* Begin PBXBuildFile section */
		D1E69E201C4F3FC40066E0D0 /* AppDelegate.swift in Sources */ = {isa = PBXBuildFile; fileRef = D1E69E1F1C4F3FC40066E0D0 /* AppDelegate.swift */; };
		D1E69E221C4F3FC40066E0D0 /* ViewController.swift in Sources */ = {isa = PBXBuildFile; fileRef = D1E69E211C4F3FC40066E0D0 /* ViewController.swift */; };
		D1E69E251C4F3FC40066E0D0 /* Main.storyboard in Resources */ = {isa = PBXBuildFile; fileRef = D1E69E231C4F3FC40066E0D0 /* Main.storyboard */; };
		D1E69E271C4F3FC40066E0D0 /* Assets.xcassets in Resources */ = {isa = PBXBuildFile; fileRef = D1E69E261C4F3FC40066E0D0 /* Assets.xcassets */; };
		D1E69E2A1C4F3FC40066E0D0 /* LaunchScreen.storyboard in Resources */ = {isa = PBXBuildFile; fileRef = D1E69E281C4F3FC40066E0D0 /* LaunchScreen.storyboard */; };
		D1E69E351C4F3FC40066E0D0 /* PPTestMyAppTests.swift in Sources */ = {isa = PBXBuildFile; fileRef = D1E69E341C4F3FC40066E0D0 /* PPTestMyAppTests.swift */; };
		D1E69E401C4F3FC40066E0D0 /* PPTestMyAppUITests.swift in Sources */ = {isa = PBXBuildFile; fileRef = D1E69E3F1C4F3FC40066E0D0 /* PPTestMyAppUITests.swift */; };
		D1E69E591C4F40780066E0D0 /* PilotPlant.framework in Frameworks */ = {isa = PBXBuildFile; fileRef = D1E69E581C4F40780066E0D0 /* PilotPlant.framework */; };
		D1E69E5A1C4F407F0066E0D0 /* PilotPlant.framework in Frameworks */ = {isa = PBXBuildFile; fileRef = D1E69E581C4F40780066E0D0 /* PilotPlant.framework */; };
		D1E69E5B1C4F407F0066E0D0 /* PilotPlant.framework in Embed Frameworks */ = {isa = PBXBuildFile; fileRef = D1E69E581C4F40780066E0D0 /* PilotPlant.framework */; settings = {ATTRIBUTES = (CodeSignOnCopy, RemoveHeadersOnCopy, ); }; };
		D1E69E5D1C4F40E90066E0D0 /* UIViewController+Navigation.swift in Sources */ = {isa = PBXBuildFile; fileRef = D1E69E5C1C4F40E90066E0D0 /* UIViewController+Navigation.swift */; };
/* End PBXBuildFile section */

/* Begin PBXContainerItemProxy section */
		D1E69E311C4F3FC40066E0D0 /* PBXContainerItemProxy */ = {
			isa = PBXContainerItemProxy;
			containerPortal = D1E69E141C4F3FC40066E0D0 /* Project object */;
			proxyType = 1;
			remoteGlobalIDString = D1E69E1B1C4F3FC40066E0D0;
			remoteInfo = PPTestMyApp;
		};
		D1E69E3C1C4F3FC40066E0D0 /* PBXContainerItemProxy */ = {
			isa = PBXContainerItemProxy;
			containerPortal = D1E69E141C4F3FC40066E0D0 /* Project object */;
			proxyType = 1;
			remoteGlobalIDString = D1E69E1B1C4F3FC40066E0D0;
			remoteInfo = PPTestMyApp;
		};
/* End PBXContainerItemProxy section */

/* Begin PBXCopyFilesBuildPhase section */
		D1E69E531C4F40030066E0D0 /* Embed Frameworks */ = {
			isa = PBXCopyFilesBuildPhase;
			buildActionMask = 2147483647;
			dstPath = "";
			dstSubfolderSpec = 10;
			files = (
				D1E69E5B1C4F407F0066E0D0 /* PilotPlant.framework in Embed Frameworks */,
			);
			name = "Embed Frameworks";
			runOnlyForDeploymentPostprocessing = 0;
		};
/* End PBXCopyFilesBuildPhase section */

/* Begin PBXFileReference section */
		D1E69E1C1C4F3FC40066E0D0 /* PPTestMyApp.app */ = {isa = PBXFileReference; explicitFileType = wrapper.application; includeInIndex = 0; path = PPTestMyApp.app; sourceTree = BUILT_PRODUCTS_DIR; };
		D1E69E1F1C4F3FC40066E0D0 /* AppDelegate.swift */ = {isa = PBXFileReference; lastKnownFileType = sourcecode.swift; path = AppDelegate.swift; sourceTree = "<group>"; };
		D1E69E211C4F3FC40066E0D0 /* ViewController.swift */ = {isa = PBXFileReference; lastKnownFileType = sourcecode.swift; path = ViewController.swift; sourceTree = "<group>"; };
		D1E69E241C4F3FC40066E0D0 /* Base */ = {isa = PBXFileReference; lastKnownFileType = file.storyboard; name = Base; path = Base.lproj/Main.storyboard; sourceTree = "<group>"; };
		D1E69E261C4F3FC40066E0D0 /* Assets.xcassets */ = {isa = PBXFileReference; lastKnownFileType = folder.assetcatalog; path = Assets.xcassets; sourceTree = "<group>"; };
		D1E69E291C4F3FC40066E0D0 /* Base */ = {isa = PBXFileReference; lastKnownFileType = file.storyboard; name = Base; path = Base.lproj/LaunchScreen.storyboard; sourceTree = "<group>"; };
		D1E69E2B1C4F3FC40066E0D0 /* Info.plist */ = {isa = PBXFileReference; lastKnownFileType = text.plist.xml; path = Info.plist; sourceTree = "<group>"; };
		D1E69E301C4F3FC40066E0D0 /* PPTestMyAppTests.xctest */ = {isa = PBXFileReference; explicitFileType = wrapper.cfbundle; includeInIndex = 0; path = PPTestMyAppTests.xctest; sourceTree = BUILT_PRODUCTS_DIR; };
		D1E69E341C4F3FC40066E0D0 /* PPTestMyAppTests.swift */ = {isa = PBXFileReference; lastKnownFileType = sourcecode.swift; path = PPTestMyAppTests.swift; sourceTree = "<group>"; };
		D1E69E361C4F3FC40066E0D0 /* Info.plist */ = {isa = PBXFileReference; lastKnownFileType = text.plist.xml; path = Info.plist; sourceTree = "<group>"; };
		D1E69E3B1C4F3FC40066E0D0 /* PPTestMyAppUITests.xctest */ = {isa = PBXFileReference; explicitFileType = wrapper.cfbundle; includeInIndex = 0; path = PPTestMyAppUITests.xctest; sourceTree = BUILT_PRODUCTS_DIR; };
		D1E69E3F1C4F3FC40066E0D0 /* PPTestMyAppUITests.swift */ = {isa = PBXFileReference; lastKnownFileType = sourcecode.swift; path = PPTestMyAppUITests.swift; sourceTree = "<group>"; };
		D1E69E411C4F3FC40066E0D0 /* Info.plist */ = {isa = PBXFileReference; lastKnownFileType = text.plist.xml; path = Info.plist; sourceTree = "<group>"; };
		D1E69E581C4F40780066E0D0 /* PilotPlant.framework */ = {isa = PBXFileReference; lastKnownFileType = wrapper.framework; path = PilotPlant.framework; sourceTree = "<group>"; };
		D1E69E5C1C4F40E90066E0D0 /* UIViewController+Navigation.swift */ = {isa = PBXFileReference; fileEncoding = 4; lastKnownFileType = sourcecode.swift; path = "UIViewController+Navigation.swift"; sourceTree = "<group>"; };
/* End PBXFileReference section */

/* Begin PBXFrameworksBuildPhase section */
		D1E69E191C4F3FC40066E0D0 /* Frameworks */ = {
			isa = PBXFrameworksBuildPhase;
			buildActionMask = 2147483647;
			files = (
				D1E69E591C4F40780066E0D0 /* PilotPlant.framework in Frameworks */,
				D1E69E5A1C4F407F0066E0D0 /* PilotPlant.framework in Frameworks */,
			);
			runOnlyForDeploymentPostprocessing = 0;
		};
		D1E69E2D1C4F3FC40066E0D0 /* Frameworks */ = {
			isa = PBXFrameworksBuildPhase;
			buildActionMask = 2147483647;
			files = (
			);
			runOnlyForDeploymentPostprocessing = 0;
		};
		D1E69E381C4F3FC40066E0D0 /* Frameworks */ = {
			isa = PBXFrameworksBuildPhase;
			buildActionMask = 2147483647;
			files = (
			);
			runOnlyForDeploymentPostprocessing = 0;
		};
/* End PBXFrameworksBuildPhase section */

/* Begin PBXGroup section */
		D1E69E131C4F3FC40066E0D0 = {
			isa = PBXGroup;
			children = (
				D1E69E581C4F40780066E0D0 /* PilotPlant.framework */,
				D1E69E1E1C4F3FC40066E0D0 /* PPTestMyApp */,
				D1E69E331C4F3FC40066E0D0 /* PPTestMyAppTests */,
				D1E69E3E1C4F3FC40066E0D0 /* PPTestMyAppUITests */,
				D1E69E1D1C4F3FC40066E0D0 /* Products */,
			);
			sourceTree = "<group>";
		};
		D1E69E1D1C4F3FC40066E0D0 /* Products */ = {
			isa = PBXGroup;
			children = (
				D1E69E1C1C4F3FC40066E0D0 /* PPTestMyApp.app */,
				D1E69E301C4F3FC40066E0D0 /* PPTestMyAppTests.xctest */,
				D1E69E3B1C4F3FC40066E0D0 /* PPTestMyAppUITests.xctest */,
			);
			name = Products;
			sourceTree = "<group>";
		};
		D1E69E1E1C4F3FC40066E0D0 /* PPTestMyApp */ = {
			isa = PBXGroup;
			children = (
				D1E69E5C1C4F40E90066E0D0 /* UIViewController+Navigation.swift */,
				D1E69E1F1C4F3FC40066E0D0 /* AppDelegate.swift */,
				D1E69E211C4F3FC40066E0D0 /* ViewController.swift */,
				D1E69E231C4F3FC40066E0D0 /* Main.storyboard */,
				D1E69E261C4F3FC40066E0D0 /* Assets.xcassets */,
				D1E69E281C4F3FC40066E0D0 /* LaunchScreen.storyboard */,
				D1E69E2B1C4F3FC40066E0D0 /* Info.plist */,
			);
			path = PPTestMyApp;
			sourceTree = "<group>";
		};
		D1E69E331C4F3FC40066E0D0 /* PPTestMyAppTests */ = {
			isa = PBXGroup;
			children = (
				D1E69E341C4F3FC40066E0D0 /* PPTestMyAppTests.swift */,
				D1E69E361C4F3FC40066E0D0 /* Info.plist */,
			);
			path = PPTestMyAppTests;
			sourceTree = "<group>";
		};
		D1E69E3E1C4F3FC40066E0D0 /* PPTestMyAppUITests */ = {
			isa = PBXGroup;
			children = (
				D1E69E3F1C4F3FC40066E0D0 /* PPTestMyAppUITests.swift */,
				D1E69E411C4F3FC40066E0D0 /* Info.plist */,
			);
			path = PPTestMyAppUITests;
			sourceTree = "<group>";
		};
/* End PBXGroup section */

/* Begin PBXNativeTarget section */
		D1E69E1B1C4F3FC40066E0D0 /* PPTestMyApp */ = {
			isa = PBXNativeTarget;
			buildConfigurationList = D1E69E441C4F3FC40066E0D0 /* Build configuration list for PBXNativeTarget "PPTestMyApp" */;
			buildPhases = (
				D1E69E181C4F3FC40066E0D0 /* Sources */,
				D1E69E191C4F3FC40066E0D0 /* Frameworks */,
				D1E69E1A1C4F3FC40066E0D0 /* Resources */,
				D1E69E531C4F40030066E0D0 /* Embed Frameworks */,
			);
			buildRules = (
			);
			dependencies = (
			);
			name = PPTestMyApp;
			productName = PPTestMyApp;
			productReference = D1E69E1C1C4F3FC40066E0D0 /* PPTestMyApp.app */;
			productType = "com.apple.product-type.application";
		};
		D1E69E2F1C4F3FC40066E0D0 /* PPTestMyAppTests */ = {
			isa = PBXNativeTarget;
			buildConfigurationList = D1E69E471C4F3FC40066E0D0 /* Build configuration list for PBXNativeTarget "PPTestMyAppTests" */;
			buildPhases = (
				D1E69E2C1C4F3FC40066E0D0 /* Sources */,
				D1E69E2D1C4F3FC40066E0D0 /* Frameworks */,
				D1E69E2E1C4F3FC40066E0D0 /* Resources */,
			);
			buildRules = (
			);
			dependencies = (
				D1E69E321C4F3FC40066E0D0 /* PBXTargetDependency */,
			);
			name = PPTestMyAppTests;
			productName = PPTestMyAppTests;
			productReference = D1E69E301C4F3FC40066E0D0 /* PPTestMyAppTests.xctest */;
			productType = "com.apple.product-type.bundle.unit-test";
		};
		D1E69E3A1C4F3FC40066E0D0 /* PPTestMyAppUITests */ = {
			isa = PBXNativeTarget;
			buildConfigurationList = D1E69E4A1C4F3FC40066E0D0 /* Build configuration list for PBXNativeTarget "PPTestMyAppUITests" */;
			buildPhases = (
				D1E69E371C4F3FC40066E0D0 /* Sources */,
				D1E69E381C4F3FC40066E0D0 /* Frameworks */,
				D1E69E391C4F3FC40066E0D0 /* Resources */,
			);
			buildRules = (
			);
			dependencies = (
				D1E69E3D1C4F3FC40066E0D0 /* PBXTargetDependency */,
			);
			name = PPTestMyAppUITests;
			productName = PPTestMyAppUITests;
			productReference = D1E69E3B1C4F3FC40066E0D0 /* PPTestMyAppUITests.xctest */;
			productType = "com.apple.product-type.bundle.ui-testing";
		};
/* End PBXNativeTarget section */

/* Begin PBXProject section */
		D1E69E141C4F3FC40066E0D0 /* Project object */ = {
			isa = PBXProject;
			attributes = {
				LastSwiftUpdateCheck = 0720;
				LastUpgradeCheck = 0720;
				ORGANIZATIONNAME = KimDongHawn;
				TargetAttributes = {
					D1E69E1B1C4F3FC40066E0D0 = {
						CreatedOnToolsVersion = 7.2;
						DevelopmentTeam = J6X5QR59SY;
					};
					D1E69E2F1C4F3FC40066E0D0 = {
						CreatedOnToolsVersion = 7.2;
						DevelopmentTeam = J6X5QR59SY;
						TestTargetID = D1E69E1B1C4F3FC40066E0D0;
					};
					D1E69E3A1C4F3FC40066E0D0 = {
						CreatedOnToolsVersion = 7.2;
						DevelopmentTeam = J6X5QR59SY;
						TestTargetID = D1E69E1B1C4F3FC40066E0D0;
					};
				};
			};
			buildConfigurationList = D1E69E171C4F3FC40066E0D0 /* Build configuration list for PBXProject "PPTestMyApp" */;
			compatibilityVersion = "Xcode 3.2";
			developmentRegion = English;
			hasScannedForEncodings = 0;
			knownRegions = (
				en,
				Base,
			);
			mainGroup = D1E69E131C4F3FC40066E0D0;
			productRefGroup = D1E69E1D1C4F3FC40066E0D0 /* Products */;
			projectDirPath = "";
			projectRoot = "";
			targets = (
				D1E69E1B1C4F3FC40066E0D0 /* PPTestMyApp */,
				D1E69E2F1C4F3FC40066E0D0 /* PPTestMyAppTests */,
				D1E69E3A1C4F3FC40066E0D0 /* PPTestMyAppUITests */,
			);
		};
/* End PBXProject section */

/* Begin PBXResourcesBuildPhase section */
		D1E69E1A1C4F3FC40066E0D0 /* Resources */ = {
			isa = PBXResourcesBuildPhase;
			buildActionMask = 2147483647;
			files = (
				D1E69E2A1C4F3FC40066E0D0 /* LaunchScreen.storyboard in Resources */,
				D1E69E271C4F3FC40066E0D0 /* Assets.xcassets in Resources */,
				D1E69E251C4F3FC40066E0D0 /* Main.storyboard in Resources */,
			);
			runOnlyForDeploymentPostprocessing = 0;
		};
		D1E69E2E1C4F3FC40066E0D0 /* Resources */ = {
			isa = PBXResourcesBuildPhase;
			buildActionMask = 2147483647;
			files = (
			);
			runOnlyForDeploymentPostprocessing = 0;
		};
		D1E69E391C4F3FC40066E0D0 /* Resources */ = {
			isa = PBXResourcesBuildPhase;
			buildActionMask = 2147483647;
			files = (
			);
			runOnlyForDeploymentPostprocessing = 0;
		};
/* End PBXResourcesBuildPhase section */

/* Begin PBXSourcesBuildPhase section */
		D1E69E181C4F3FC40066E0D0 /* Sources */ = {
			isa = PBXSourcesBuildPhase;
			buildActionMask = 2147483647;
			files = (
				D1E69E5D1C4F40E90066E0D0 /* UIViewController+Navigation.swift in Sources */,
				D1E69E221C4F3FC40066E0D0 /* ViewController.swift in Sources */,
				D1E69E201C4F3FC40066E0D0 /* AppDelegate.swift in Sources */,
			);
			runOnlyForDeploymentPostprocessing = 0;
		};
		D1E69E2C1C4F3FC40066E0D0 /* Sources */ = {
			isa = PBXSourcesBuildPhase;
			buildActionMask = 2147483647;
			files = (
				D1E69E351C4F3FC40066E0D0 /* PPTestMyAppTests.swift in Sources */,
			);
			runOnlyForDeploymentPostprocessing = 0;
		};
		D1E69E371C4F3FC40066E0D0 /* Sources */ = {
			isa = PBXSourcesBuildPhase;
			buildActionMask = 2147483647;
			files = (
				D1E69E401C4F3FC40066E0D0 /* PPTestMyAppUITests.swift in Sources */,
			);
			runOnlyForDeploymentPostprocessing = 0;
		};
/* End PBXSourcesBuildPhase section */

/* Begin PBXTargetDependency section */
		D1E69E321C4F3FC40066E0D0 /* PBXTargetDependency */ = {
			isa = PBXTargetDependency;
			target = D1E69E1B1C4F3FC40066E0D0 /* PPTestMyApp */;
			targetProxy = D1E69E311C4F3FC40066E0D0 /* PBXContainerItemProxy */;
		};
		D1E69E3D1C4F3FC40066E0D0 /* PBXTargetDependency */ = {
			isa = PBXTargetDependency;
			target = D1E69E1B1C4F3FC40066E0D0 /* PPTestMyApp */;
			targetProxy = D1E69E3C1C4F3FC40066E0D0 /* PBXContainerItemProxy */;
		};
/* End PBXTargetDependency section */

/* Begin PBXVariantGroup section */
		D1E69E231C4F3FC40066E0D0 /* Main.storyboard */ = {
			isa = PBXVariantGroup;
			children = (
				D1E69E241C4F3FC40066E0D0 /* Base */,
			);
			name = Main.storyboard;
			sourceTree = "<group>";
		};
		D1E69E281C4F3FC40066E0D0 /* LaunchScreen.storyboard */ = {
			isa = PBXVariantGroup;
			children = (
				D1E69E291C4F3FC40066E0D0 /* Base */,
			);
			name = LaunchScreen.storyboard;
			sourceTree = "<group>";
		};
/* End PBXVariantGroup section */

/* Begin XCBuildConfiguration section */
		D1E69E421C4F3FC40066E0D0 /* Debug */ = {
			isa = XCBuildConfiguration;
			buildSettings = {
				ALWAYS_SEARCH_USER_PATHS = NO;
				CLANG_CXX_LANGUAGE_STANDARD = "gnu++0x";
				CLANG_CXX_LIBRARY = "libc++";
				CLANG_ENABLE_MODULES = YES;
				CLANG_ENABLE_OBJC_ARC = YES;
				CLANG_WARN_BOOL_CONVERSION = YES;
				CLANG_WARN_CONSTANT_CONVERSION = YES;
				CLANG_WARN_DIRECT_OBJC_ISA_USAGE = YES_ERROR;
				CLANG_WARN_EMPTY_BODY = YES;
				CLANG_WARN_ENUM_CONVERSION = YES;
				CLANG_WARN_INT_CONVERSION = YES;
				CLANG_WARN_OBJC_ROOT_CLASS = YES_ERROR;
				CLANG_WARN_UNREACHABLE_CODE = YES;
				CLANG_WARN__DUPLICATE_METHOD_MATCH = YES;
				"CODE_SIGN_IDENTITY[sdk=iphoneos*]" = "iPhone Developer";
				COPY_PHASE_STRIP = NO;
				DEBUG_INFORMATION_FORMAT = dwarf;
				ENABLE_STRICT_OBJC_MSGSEND = YES;
				ENABLE_TESTABILITY = YES;
				GCC_C_LANGUAGE_STANDARD = gnu99;
				GCC_DYNAMIC_NO_PIC = NO;
				GCC_NO_COMMON_BLOCKS = YES;
				GCC_OPTIMIZATION_LEVEL = 0;
				GCC_PREPROCESSOR_DEFINITIONS = (
					"DEBUG=1",
					"$(inherited)",
				);
				GCC_WARN_64_TO_32_BIT_CONVERSION = YES;
				GCC_WARN_ABOUT_RETURN_TYPE = YES_ERROR;
				GCC_WARN_UNDECLARED_SELECTOR = YES;
				GCC_WARN_UNINITIALIZED_AUTOS = YES_AGGRESSIVE;
				GCC_WARN_UNUSED_FUNCTION = YES;
				GCC_WARN_UNUSED_VARIABLE = YES;
				IPHONEOS_DEPLOYMENT_TARGET = 9.2;
				MTL_ENABLE_DEBUG_INFO = YES;
				ONLY_ACTIVE_ARCH = YES;
				SDKROOT = iphoneos;
				SWIFT_OPTIMIZATION_LEVEL = "-Onone";
				TARGETED_DEVICE_FAMILY = "1,2";
			};
			name = Debug;
		};
		D1E69E431C4F3FC40066E0D0 /* Release */ = {
			isa = XCBuildConfiguration;
			buildSettings = {
				ALWAYS_SEARCH_USER_PATHS = NO;
				CLANG_CXX_LANGUAGE_STANDARD = "gnu++0x";
				CLANG_CXX_LIBRARY = "libc++";
				CLANG_ENABLE_MODULES = YES;
				CLANG_ENABLE_OBJC_ARC = YES;
				CLANG_WARN_BOOL_CONVERSION = YES;
				CLANG_WARN_CONSTANT_CONVERSION = YES;
				CLANG_WARN_DIRECT_OBJC_ISA_USAGE = YES_ERROR;
				CLANG_WARN_EMPTY_BODY = YES;
				CLANG_WARN_ENUM_CONVERSION = YES;
				CLANG_WARN_INT_CONVERSION = YES;
				CLANG_WARN_OBJC_ROOT_CLASS = YES_ERROR;
				CLANG_WARN_UNREACHABLE_CODE = YES;
				CLANG_WARN__DUPLICATE_METHOD_MATCH = YES;
				"CODE_SIGN_IDENTITY[sdk=iphoneos*]" = "iPhone Developer";
				COPY_PHASE_STRIP = NO;
				DEBUG_INFORMATION_FORMAT = "dwarf-with-dsym";
				ENABLE_NS_ASSERTIONS = NO;
				ENABLE_STRICT_OBJC_MSGSEND = YES;
				GCC_C_LANGUAGE_STANDARD = gnu99;
				GCC_NO_COMMON_BLOCKS = YES;
				GCC_WARN_64_TO_32_BIT_CONVERSION = YES;
				GCC_WARN_ABOUT_RETURN_TYPE = YES_ERROR;
				GCC_WARN_UNDECLARED_SELECTOR = YES;
				GCC_WARN_UNINITIALIZED_AUTOS = YES_AGGRESSIVE;
				GCC_WARN_UNUSED_FUNCTION = YES;
				GCC_WARN_UNUSED_VARIABLE = YES;
				IPHONEOS_DEPLOYMENT_TARGET = 9.2;
				MTL_ENABLE_DEBUG_INFO = NO;
				SDKROOT = iphoneos;
				TARGETED_DEVICE_FAMILY = "1,2";
				VALIDATE_PRODUCT = YES;
			};
			name = Release;
		};
		D1E69E451C4F3FC40066E0D0 /* Debug */ = {
			isa = XCBuildConfiguration;
			buildSettings = {
				ASSETCATALOG_COMPILER_APPICON_NAME = AppIcon;
				FRAMEWORK_SEARCH_PATHS = (
					"$(inherited)",
					"$(PROJECT_DIR)",
				);
				INFOPLIST_FILE = PPTestMyApp/Info.plist;
				LD_RUNPATH_SEARCH_PATHS = "$(inherited) @executable_path/Frameworks";
				PRODUCT_BUNDLE_IDENTIFIER = com.trasient.PPTestMyApp;
				PRODUCT_NAME = "$(TARGET_NAME)";
			};
			name = Debug;
		};
		D1E69E461C4F3FC40066E0D0 /* Release */ = {
			isa = XCBuildConfiguration;
			buildSettings = {
				ASSETCATALOG_COMPILER_APPICON_NAME = AppIcon;
				FRAMEWORK_SEARCH_PATHS = (
					"$(inherited)",
					"$(PROJECT_DIR)",
				);
				INFOPLIST_FILE = PPTestMyApp/Info.plist;
				LD_RUNPATH_SEARCH_PATHS = "$(inherited) @executable_path/Frameworks";
				PRODUCT_BUNDLE_IDENTIFIER = com.trasient.PPTestMyApp;
				PRODUCT_NAME = "$(TARGET_NAME)";
			};
			name = Release;
		};
		D1E69E481C4F3FC40066E0D0 /* Debug */ = {
			isa = XCBuildConfiguration;
			buildSettings = {
				BUNDLE_LOADER = "$(TEST_HOST)";
				INFOPLIST_FILE = PPTestMyAppTests/Info.plist;
				LD_RUNPATH_SEARCH_PATHS = "$(inherited) @executable_path/Frameworks @loader_path/Frameworks";
				PRODUCT_BUNDLE_IDENTIFIER = com.trasient.PPTestMyAppTests;
				PRODUCT_NAME = "$(TARGET_NAME)";
				TEST_HOST = "$(BUILT_PRODUCTS_DIR)/PPTestMyApp.app/PPTestMyApp";
			};
			name = Debug;
		};
		D1E69E491C4F3FC40066E0D0 /* Release */ = {
			isa = XCBuildConfiguration;
			buildSettings = {
				BUNDLE_LOADER = "$(TEST_HOST)";
				INFOPLIST_FILE = PPTestMyAppTests/Info.plist;
				LD_RUNPATH_SEARCH_PATHS = "$(inherited) @executable_path/Frameworks @loader_path/Frameworks";
				PRODUCT_BUNDLE_IDENTIFIER = com.trasient.PPTestMyAppTests;
				PRODUCT_NAME = "$(TARGET_NAME)";
				TEST_HOST = "$(BUILT_PRODUCTS_DIR)/PPTestMyApp.app/PPTestMyApp";
			};
			name = Release;
		};
		D1E69E4B1C4F3FC40066E0D0 /* Debug */ = {
			isa = XCBuildConfiguration;
			buildSettings = {
				INFOPLIST_FILE = PPTestMyAppUITests/Info.plist;
				LD_RUNPATH_SEARCH_PATHS = "$(inherited) @executable_path/Frameworks @loader_path/Frameworks";
				PRODUCT_BUNDLE_IDENTIFIER = com.trasient.PPTestMyAppUITests;
				PRODUCT_NAME = "$(TARGET_NAME)";
				TEST_TARGET_NAME = PPTestMyApp;
				USES_XCTRUNNER = YES;
			};
			name = Debug;
		};
		D1E69E4C1C4F3FC40066E0D0 /* Release */ = {
			isa = XCBuildConfiguration;
			buildSettings = {
				INFOPLIST_FILE = PPTestMyAppUITests/Info.plist;
				LD_RUNPATH_SEARCH_PATHS = "$(inherited) @executable_path/Frameworks @loader_path/Frameworks";
				PRODUCT_BUNDLE_IDENTIFIER = com.trasient.PPTestMyAppUITests;
				PRODUCT_NAME = "$(TARGET_NAME)";
				TEST_TARGET_NAME = PPTestMyApp;
				USES_XCTRUNNER = YES;
			};
			name = Release;
		};
/* End XCBuildConfiguration section */

/* Begin XCConfigurationList section */
		D1E69E171C4F3FC40066E0D0 /* Build configuration list for PBXProject "PPTestMyApp" */ = {
			isa = XCConfigurationList;
			buildConfigurations = (
				D1E69E421C4F3FC40066E0D0 /* Debug */,
				D1E69E431C4F3FC40066E0D0 /* Release */,
			);
			defaultConfigurationIsVisible = 0;
			defaultConfigurationName = Release;
		};
		D1E69E441C4F3FC40066E0D0 /* Build configuration list for PBXNativeTarget "PPTestMyApp" */ = {
			isa = XCConfigurationList;
			buildConfigurations = (
				D1E69E451C4F3FC40066E0D0 /* Debug */,
				D1E69E461C4F3FC40066E0D0 /* Release */,
			);
			defaultConfigurationIsVisible = 0;
			defaultConfigurationName = Release;
		};
		D1E69E471C4F3FC40066E0D0 /* Build configuration list for PBXNativeTarget "PPTestMyAppTests" */ = {
			isa = XCConfigurationList;
			buildConfigurations = (
				D1E69E481C4F3FC40066E0D0 /* Debug */,
				D1E69E491C4F3FC40066E0D0 /* Release */,
			);
			defaultConfigurationIsVisible = 0;
			defaultConfigurationName = Release;
		};
		D1E69E4A1C4F3FC40066E0D0 /* Build configuration list for PBXNativeTarget "PPTestMyAppUITests" */ = {
			isa = XCConfigurationList;
			buildConfigurations = (
				D1E69E4B1C4F3FC40066E0D0 /* Debug */,
				D1E69E4C1C4F3FC40066E0D0 /* Release */,
			);
			defaultConfigurationIsVisible = 0;
			defaultConfigurationName = Release;
		};
/* End XCConfigurationList section */
	};
	rootObject = D1E69E141C4F3FC40066E0D0 /* Project object */;
}
