// !$*UTF8*$!
{
	archiveVersion = 1;
	classes = {
	};
	objectVersion = 46;
	objects = {

/* Begin PBXBuildFile section */
		2487F80A1C4DFFE70070ABA7 /* AppDelegate.swift in Sources */ = {isa = PBXBuildFile; fileRef = 2487F8091C4DFFE70070ABA7 /* AppDelegate.swift */; };
		2487F80C1C4DFFE70070ABA7 /* ViewController.swift in Sources */ = {isa = PBXBuildFile; fileRef = 2487F80B1C4DFFE70070ABA7 /* ViewController.swift */; };
		2487F80F1C4DFFE70070ABA7 /* Main.storyboard in Resources */ = {isa = PBXBuildFile; fileRef = 2487F80D1C4DFFE70070ABA7 /* Main.storyboard */; };
		2487F8111C4DFFE70070ABA7 /* Assets.xcassets in Resources */ = {isa = PBXBuildFile; fileRef = 2487F8101C4DFFE70070ABA7 /* Assets.xcassets */; };
		2487F8141C4DFFE70070ABA7 /* LaunchScreen.storyboard in Resources */ = {isa = PBXBuildFile; fileRef = 2487F8121C4DFFE70070ABA7 /* LaunchScreen.storyboard */; };
		2487F81F1C4DFFE70070ABA7 /* musicsheetmanager_realTests.swift in Sources */ = {isa = PBXBuildFile; fileRef = 2487F81E1C4DFFE70070ABA7 /* musicsheetmanager_realTests.swift */; };
		2487F82A1C4DFFE70070ABA7 /* musicsheetmanager_realUITests.swift in Sources */ = {isa = PBXBuildFile; fileRef = 2487F8291C4DFFE70070ABA7 /* musicsheetmanager_realUITests.swift */; };
		2487F8381C4DFFFA0070ABA7 /* PilotPlant.framework in Frameworks */ = {isa = PBXBuildFile; fileRef = 2487F8371C4DFFFA0070ABA7 /* PilotPlant.framework */; };
		2487F83A1C4E00080070ABA7 /* UIViewController+Navigation.swift in Sources */ = {isa = PBXBuildFile; fileRef = 2487F8391C4E00080070ABA7 /* UIViewController+Navigation.swift */; };
		2487F83B1C4E00250070ABA7 /* PilotPlant.framework in Frameworks */ = {isa = PBXBuildFile; fileRef = 2487F8371C4DFFFA0070ABA7 /* PilotPlant.framework */; };
		2487F83C1C4E00250070ABA7 /* PilotPlant.framework in Embed Frameworks */ = {isa = PBXBuildFile; fileRef = 2487F8371C4DFFFA0070ABA7 /* PilotPlant.framework */; settings = {ATTRIBUTES = (CodeSignOnCopy, RemoveHeadersOnCopy, ); }; };
/* End PBXBuildFile section */

/* Begin PBXContainerItemProxy section */
		2487F81B1C4DFFE70070ABA7 /* PBXContainerItemProxy */ = {
			isa = PBXContainerItemProxy;
			containerPortal = 2487F7FE1C4DFFE70070ABA7 /* Project object */;
			proxyType = 1;
			remoteGlobalIDString = 2487F8051C4DFFE70070ABA7;
			remoteInfo = musicsheetmanager_real;
		};
		2487F8261C4DFFE70070ABA7 /* PBXContainerItemProxy */ = {
			isa = PBXContainerItemProxy;
			containerPortal = 2487F7FE1C4DFFE70070ABA7 /* Project object */;
			proxyType = 1;
			remoteGlobalIDString = 2487F8051C4DFFE70070ABA7;
			remoteInfo = musicsheetmanager_real;
		};
/* End PBXContainerItemProxy section */

/* Begin PBXCopyFilesBuildPhase section */
		2487F83D1C4E00250070ABA7 /* Embed Frameworks */ = {
			isa = PBXCopyFilesBuildPhase;
			buildActionMask = 2147483647;
			dstPath = "";
			dstSubfolderSpec = 10;
			files = (
				2487F83C1C4E00250070ABA7 /* PilotPlant.framework in Embed Frameworks */,
			);
			name = "Embed Frameworks";
			runOnlyForDeploymentPostprocessing = 0;
		};
/* End PBXCopyFilesBuildPhase section */

/* Begin PBXFileReference section */
		2487F8061C4DFFE70070ABA7 /* musicsheetmanager_real.app */ = {isa = PBXFileReference; explicitFileType = wrapper.application; includeInIndex = 0; path = musicsheetmanager_real.app; sourceTree = BUILT_PRODUCTS_DIR; };
		2487F8091C4DFFE70070ABA7 /* AppDelegate.swift */ = {isa = PBXFileReference; lastKnownFileType = sourcecode.swift; path = AppDelegate.swift; sourceTree = "<group>"; };
		2487F80B1C4DFFE70070ABA7 /* ViewController.swift */ = {isa = PBXFileReference; lastKnownFileType = sourcecode.swift; path = ViewController.swift; sourceTree = "<group>"; };
		2487F80E1C4DFFE70070ABA7 /* Base */ = {isa = PBXFileReference; lastKnownFileType = file.storyboard; name = Base; path = Base.lproj/Main.storyboard; sourceTree = "<group>"; };
		2487F8101C4DFFE70070ABA7 /* Assets.xcassets */ = {isa = PBXFileReference; lastKnownFileType = folder.assetcatalog; path = Assets.xcassets; sourceTree = "<group>"; };
		2487F8131C4DFFE70070ABA7 /* Base */ = {isa = PBXFileReference; lastKnownFileType = file.storyboard; name = Base; path = Base.lproj/LaunchScreen.storyboard; sourceTree = "<group>"; };
		2487F8151C4DFFE70070ABA7 /* Info.plist */ = {isa = PBXFileReference; lastKnownFileType = text.plist.xml; path = Info.plist; sourceTree = "<group>"; };
		2487F81A1C4DFFE70070ABA7 /* musicsheetmanager_realTests.xctest */ = {isa = PBXFileReference; explicitFileType = wrapper.cfbundle; includeInIndex = 0; path = musicsheetmanager_realTests.xctest; sourceTree = BUILT_PRODUCTS_DIR; };
		2487F81E1C4DFFE70070ABA7 /* musicsheetmanager_realTests.swift */ = {isa = PBXFileReference; lastKnownFileType = sourcecode.swift; path = musicsheetmanager_realTests.swift; sourceTree = "<group>"; };
		2487F8201C4DFFE70070ABA7 /* Info.plist */ = {isa = PBXFileReference; lastKnownFileType = text.plist.xml; path = Info.plist; sourceTree = "<group>"; };
		2487F8251C4DFFE70070ABA7 /* musicsheetmanager_realUITests.xctest */ = {isa = PBXFileReference; explicitFileType = wrapper.cfbundle; includeInIndex = 0; path = musicsheetmanager_realUITests.xctest; sourceTree = BUILT_PRODUCTS_DIR; };
		2487F8291C4DFFE70070ABA7 /* musicsheetmanager_realUITests.swift */ = {isa = PBXFileReference; lastKnownFileType = sourcecode.swift; path = musicsheetmanager_realUITests.swift; sourceTree = "<group>"; };
		2487F82B1C4DFFE70070ABA7 /* Info.plist */ = {isa = PBXFileReference; lastKnownFileType = text.plist.xml; path = Info.plist; sourceTree = "<group>"; };
		2487F8371C4DFFFA0070ABA7 /* PilotPlant.framework */ = {isa = PBXFileReference; lastKnownFileType = wrapper.framework; path = PilotPlant.framework; sourceTree = "<group>"; };
		2487F8391C4E00080070ABA7 /* UIViewController+Navigation.swift */ = {isa = PBXFileReference; fileEncoding = 4; lastKnownFileType = sourcecode.swift; path = "UIViewController+Navigation.swift"; sourceTree = "<group>"; };
/* End PBXFileReference section */

/* Begin PBXFrameworksBuildPhase section */
		2487F8031C4DFFE70070ABA7 /* Frameworks */ = {
			isa = PBXFrameworksBuildPhase;
			buildActionMask = 2147483647;
			files = (
				2487F8381C4DFFFA0070ABA7 /* PilotPlant.framework in Frameworks */,
				2487F83B1C4E00250070ABA7 /* PilotPlant.framework in Frameworks */,
			);
			runOnlyForDeploymentPostprocessing = 0;
		};
		2487F8171C4DFFE70070ABA7 /* Frameworks */ = {
			isa = PBXFrameworksBuildPhase;
			buildActionMask = 2147483647;
			files = (
			);
			runOnlyForDeploymentPostprocessing = 0;
		};
		2487F8221C4DFFE70070ABA7 /* Frameworks */ = {
			isa = PBXFrameworksBuildPhase;
			buildActionMask = 2147483647;
			files = (
			);
			runOnlyForDeploymentPostprocessing = 0;
		};
/* End PBXFrameworksBuildPhase section */

/* Begin PBXGroup section */
		2487F7FD1C4DFFE70070ABA7 = {
			isa = PBXGroup;
			children = (
				2487F8371C4DFFFA0070ABA7 /* PilotPlant.framework */,
				2487F8081C4DFFE70070ABA7 /* musicsheetmanager_real */,
				2487F81D1C4DFFE70070ABA7 /* musicsheetmanager_realTests */,
				2487F8281C4DFFE70070ABA7 /* musicsheetmanager_realUITests */,
				2487F8071C4DFFE70070ABA7 /* Products */,
			);
			sourceTree = "<group>";
		};
		2487F8071C4DFFE70070ABA7 /* Products */ = {
			isa = PBXGroup;
			children = (
				2487F8061C4DFFE70070ABA7 /* musicsheetmanager_real.app */,
				2487F81A1C4DFFE70070ABA7 /* musicsheetmanager_realTests.xctest */,
				2487F8251C4DFFE70070ABA7 /* musicsheetmanager_realUITests.xctest */,
			);
			name = Products;
			sourceTree = "<group>";
		};
		2487F8081C4DFFE70070ABA7 /* musicsheetmanager_real */ = {
			isa = PBXGroup;
			children = (
				2487F8091C4DFFE70070ABA7 /* AppDelegate.swift */,
				2487F80B1C4DFFE70070ABA7 /* ViewController.swift */,
				2487F8391C4E00080070ABA7 /* UIViewController+Navigation.swift */,
				2487F80D1C4DFFE70070ABA7 /* Main.storyboard */,
				2487F8101C4DFFE70070ABA7 /* Assets.xcassets */,
				2487F8121C4DFFE70070ABA7 /* LaunchScreen.storyboard */,
				2487F8151C4DFFE70070ABA7 /* Info.plist */,
			);
			path = musicsheetmanager_real;
			sourceTree = "<group>";
		};
		2487F81D1C4DFFE70070ABA7 /* musicsheetmanager_realTests */ = {
			isa = PBXGroup;
			children = (
				2487F81E1C4DFFE70070ABA7 /* musicsheetmanager_realTests.swift */,
				2487F8201C4DFFE70070ABA7 /* Info.plist */,
			);
			path = musicsheetmanager_realTests;
			sourceTree = "<group>";
		};
		2487F8281C4DFFE70070ABA7 /* musicsheetmanager_realUITests */ = {
			isa = PBXGroup;
			children = (
				2487F8291C4DFFE70070ABA7 /* musicsheetmanager_realUITests.swift */,
				2487F82B1C4DFFE70070ABA7 /* Info.plist */,
			);
			path = musicsheetmanager_realUITests;
			sourceTree = "<group>";
		};
/* End PBXGroup section */

/* Begin PBXNativeTarget section */
		2487F8051C4DFFE70070ABA7 /* musicsheetmanager_real */ = {
			isa = PBXNativeTarget;
			buildConfigurationList = 2487F82E1C4DFFE70070ABA7 /* Build configuration list for PBXNativeTarget "musicsheetmanager_real" */;
			buildPhases = (
				2487F8021C4DFFE70070ABA7 /* Sources */,
				2487F8031C4DFFE70070ABA7 /* Frameworks */,
				2487F8041C4DFFE70070ABA7 /* Resources */,
				2487F83D1C4E00250070ABA7 /* Embed Frameworks */,
			);
			buildRules = (
			);
			dependencies = (
			);
			name = musicsheetmanager_real;
			productName = musicsheetmanager_real;
			productReference = 2487F8061C4DFFE70070ABA7 /* musicsheetmanager_real.app */;
			productType = "com.apple.product-type.application";
		};
		2487F8191C4DFFE70070ABA7 /* musicsheetmanager_realTests */ = {
			isa = PBXNativeTarget;
			buildConfigurationList = 2487F8311C4DFFE70070ABA7 /* Build configuration list for PBXNativeTarget "musicsheetmanager_realTests" */;
			buildPhases = (
				2487F8161C4DFFE70070ABA7 /* Sources */,
				2487F8171C4DFFE70070ABA7 /* Frameworks */,
				2487F8181C4DFFE70070ABA7 /* Resources */,
			);
			buildRules = (
			);
			dependencies = (
				2487F81C1C4DFFE70070ABA7 /* PBXTargetDependency */,
			);
			name = musicsheetmanager_realTests;
			productName = musicsheetmanager_realTests;
			productReference = 2487F81A1C4DFFE70070ABA7 /* musicsheetmanager_realTests.xctest */;
			productType = "com.apple.product-type.bundle.unit-test";
		};
		2487F8241C4DFFE70070ABA7 /* musicsheetmanager_realUITests */ = {
			isa = PBXNativeTarget;
			buildConfigurationList = 2487F8341C4DFFE70070ABA7 /* Build configuration list for PBXNativeTarget "musicsheetmanager_realUITests" */;
			buildPhases = (
				2487F8211C4DFFE70070ABA7 /* Sources */,
				2487F8221C4DFFE70070ABA7 /* Frameworks */,
				2487F8231C4DFFE70070ABA7 /* Resources */,
			);
			buildRules = (
			);
			dependencies = (
				2487F8271C4DFFE70070ABA7 /* PBXTargetDependency */,
			);
			name = musicsheetmanager_realUITests;
			productName = musicsheetmanager_realUITests;
			productReference = 2487F8251C4DFFE70070ABA7 /* musicsheetmanager_realUITests.xctest */;
			productType = "com.apple.product-type.bundle.ui-testing";
		};
/* End PBXNativeTarget section */

/* Begin PBXProject section */
		2487F7FE1C4DFFE70070ABA7 /* Project object */ = {
			isa = PBXProject;
			attributes = {
				LastSwiftUpdateCheck = 0720;
				LastUpgradeCheck = 0720;
				ORGANIZATIONNAME = cscoi021;
				TargetAttributes = {
					2487F8051C4DFFE70070ABA7 = {
						CreatedOnToolsVersion = 7.2;
					};
					2487F8191C4DFFE70070ABA7 = {
						CreatedOnToolsVersion = 7.2;
						TestTargetID = 2487F8051C4DFFE70070ABA7;
					};
					2487F8241C4DFFE70070ABA7 = {
						CreatedOnToolsVersion = 7.2;
						TestTargetID = 2487F8051C4DFFE70070ABA7;
					};
				};
			};
			buildConfigurationList = 2487F8011C4DFFE70070ABA7 /* Build configuration list for PBXProject "musicsheetmanager_real" */;
			compatibilityVersion = "Xcode 3.2";
			developmentRegion = English;
			hasScannedForEncodings = 0;
			knownRegions = (
				en,
				Base,
			);
			mainGroup = 2487F7FD1C4DFFE70070ABA7;
			productRefGroup = 2487F8071C4DFFE70070ABA7 /* Products */;
			projectDirPath = "";
			projectRoot = "";
			targets = (
				2487F8051C4DFFE70070ABA7 /* musicsheetmanager_real */,
				2487F8191C4DFFE70070ABA7 /* musicsheetmanager_realTests */,
				2487F8241C4DFFE70070ABA7 /* musicsheetmanager_realUITests */,
			);
		};
/* End PBXProject section */

/* Begin PBXResourcesBuildPhase section */
		2487F8041C4DFFE70070ABA7 /* Resources */ = {
			isa = PBXResourcesBuildPhase;
			buildActionMask = 2147483647;
			files = (
				2487F8141C4DFFE70070ABA7 /* LaunchScreen.storyboard in Resources */,
				2487F8111C4DFFE70070ABA7 /* Assets.xcassets in Resources */,
				2487F80F1C4DFFE70070ABA7 /* Main.storyboard in Resources */,
			);
			runOnlyForDeploymentPostprocessing = 0;
		};
		2487F8181C4DFFE70070ABA7 /* Resources */ = {
			isa = PBXResourcesBuildPhase;
			buildActionMask = 2147483647;
			files = (
			);
			runOnlyForDeploymentPostprocessing = 0;
		};
		2487F8231C4DFFE70070ABA7 /* Resources */ = {
			isa = PBXResourcesBuildPhase;
			buildActionMask = 2147483647;
			files = (
			);
			runOnlyForDeploymentPostprocessing = 0;
		};
/* End PBXResourcesBuildPhase section */

/* Begin PBXSourcesBuildPhase section */
		2487F8021C4DFFE70070ABA7 /* Sources */ = {
			isa = PBXSourcesBuildPhase;
			buildActionMask = 2147483647;
			files = (
				2487F83A1C4E00080070ABA7 /* UIViewController+Navigation.swift in Sources */,
				2487F80C1C4DFFE70070ABA7 /* ViewController.swift in Sources */,
				2487F80A1C4DFFE70070ABA7 /* AppDelegate.swift in Sources */,
			);
			runOnlyForDeploymentPostprocessing = 0;
		};
		2487F8161C4DFFE70070ABA7 /* Sources */ = {
			isa = PBXSourcesBuildPhase;
			buildActionMask = 2147483647;
			files = (
				2487F81F1C4DFFE70070ABA7 /* musicsheetmanager_realTests.swift in Sources */,
			);
			runOnlyForDeploymentPostprocessing = 0;
		};
		2487F8211C4DFFE70070ABA7 /* Sources */ = {
			isa = PBXSourcesBuildPhase;
			buildActionMask = 2147483647;
			files = (
				2487F82A1C4DFFE70070ABA7 /* musicsheetmanager_realUITests.swift in Sources */,
			);
			runOnlyForDeploymentPostprocessing = 0;
		};
/* End PBXSourcesBuildPhase section */

/* Begin PBXTargetDependency section */
		2487F81C1C4DFFE70070ABA7 /* PBXTargetDependency */ = {
			isa = PBXTargetDependency;
			target = 2487F8051C4DFFE70070ABA7 /* musicsheetmanager_real */;
			targetProxy = 2487F81B1C4DFFE70070ABA7 /* PBXContainerItemProxy */;
		};
		2487F8271C4DFFE70070ABA7 /* PBXTargetDependency */ = {
			isa = PBXTargetDependency;
			target = 2487F8051C4DFFE70070ABA7 /* musicsheetmanager_real */;
			targetProxy = 2487F8261C4DFFE70070ABA7 /* PBXContainerItemProxy */;
		};
/* End PBXTargetDependency section */

/* Begin PBXVariantGroup section */
		2487F80D1C4DFFE70070ABA7 /* Main.storyboard */ = {
			isa = PBXVariantGroup;
			children = (
				2487F80E1C4DFFE70070ABA7 /* Base */,
			);
			name = Main.storyboard;
			sourceTree = "<group>";
		};
		2487F8121C4DFFE70070ABA7 /* LaunchScreen.storyboard */ = {
			isa = PBXVariantGroup;
			children = (
				2487F8131C4DFFE70070ABA7 /* Base */,
			);
			name = LaunchScreen.storyboard;
			sourceTree = "<group>";
		};
/* End PBXVariantGroup section */

/* Begin XCBuildConfiguration section */
		2487F82C1C4DFFE70070ABA7 /* Debug */ = {
			isa = XCBuildConfiguration;
			buildSettings = {
				ALWAYS_SEARCH_USER_PATHS = NO;
				CLANG_CXX_LANGUAGE_STANDARD = "gnu++0x";
				CLANG_CXX_LIBRARY = "libc++";
				CLANG_ENABLE_MODULES = YES;
				CLANG_ENABLE_OBJC_ARC = YES;
				CLANG_WARN_BOOL_CONVERSION = YES;
				CLANG_WARN_CONSTANT_CONVERSION = YES;
				CLANG_WARN_DIRECT_OBJC_ISA_USAGE = YES_ERROR;
				CLANG_WARN_EMPTY_BODY = YES;
				CLANG_WARN_ENUM_CONVERSION = YES;
				CLANG_WARN_INT_CONVERSION = YES;
				CLANG_WARN_OBJC_ROOT_CLASS = YES_ERROR;
				CLANG_WARN_UNREACHABLE_CODE = YES;
				CLANG_WARN__DUPLICATE_METHOD_MATCH = YES;
				"CODE_SIGN_IDENTITY[sdk=iphoneos*]" = "iPhone Developer";
				COPY_PHASE_STRIP = NO;
				DEBUG_INFORMATION_FORMAT = dwarf;
				ENABLE_STRICT_OBJC_MSGSEND = YES;
				ENABLE_TESTABILITY = YES;
				GCC_C_LANGUAGE_STANDARD = gnu99;
				GCC_DYNAMIC_NO_PIC = NO;
				GCC_NO_COMMON_BLOCKS = YES;
				GCC_OPTIMIZATION_LEVEL = 0;
				GCC_PREPROCESSOR_DEFINITIONS = (
					"DEBUG=1",
					"$(inherited)",
				);
				GCC_WARN_64_TO_32_BIT_CONVERSION = YES;
				GCC_WARN_ABOUT_RETURN_TYPE = YES_ERROR;
				GCC_WARN_UNDECLARED_SELECTOR = YES;
				GCC_WARN_UNINITIALIZED_AUTOS = YES_AGGRESSIVE;
				GCC_WARN_UNUSED_FUNCTION = YES;
				GCC_WARN_UNUSED_VARIABLE = YES;
				IPHONEOS_DEPLOYMENT_TARGET = 9.2;
				MTL_ENABLE_DEBUG_INFO = YES;
				ONLY_ACTIVE_ARCH = YES;
				SDKROOT = iphoneos;
				SWIFT_OPTIMIZATION_LEVEL = "-Onone";
				TARGETED_DEVICE_FAMILY = "1,2";
			};
			name = Debug;
		};
		2487F82D1C4DFFE70070ABA7 /* Release */ = {
			isa = XCBuildConfiguration;
			buildSettings = {
				ALWAYS_SEARCH_USER_PATHS = NO;
				CLANG_CXX_LANGUAGE_STANDARD = "gnu++0x";
				CLANG_CXX_LIBRARY = "libc++";
				CLANG_ENABLE_MODULES = YES;
				CLANG_ENABLE_OBJC_ARC = YES;
				CLANG_WARN_BOOL_CONVERSION = YES;
				CLANG_WARN_CONSTANT_CONVERSION = YES;
				CLANG_WARN_DIRECT_OBJC_ISA_USAGE = YES_ERROR;
				CLANG_WARN_EMPTY_BODY = YES;
				CLANG_WARN_ENUM_CONVERSION = YES;
				CLANG_WARN_INT_CONVERSION = YES;
				CLANG_WARN_OBJC_ROOT_CLASS = YES_ERROR;
				CLANG_WARN_UNREACHABLE_CODE = YES;
				CLANG_WARN__DUPLICATE_METHOD_MATCH = YES;
				"CODE_SIGN_IDENTITY[sdk=iphoneos*]" = "iPhone Developer";
				COPY_PHASE_STRIP = NO;
				DEBUG_INFORMATION_FORMAT = "dwarf-with-dsym";
				ENABLE_NS_ASSERTIONS = NO;
				ENABLE_STRICT_OBJC_MSGSEND = YES;
				GCC_C_LANGUAGE_STANDARD = gnu99;
				GCC_NO_COMMON_BLOCKS = YES;
				GCC_WARN_64_TO_32_BIT_CONVERSION = YES;
				GCC_WARN_ABOUT_RETURN_TYPE = YES_ERROR;
				GCC_WARN_UNDECLARED_SELECTOR = YES;
				GCC_WARN_UNINITIALIZED_AUTOS = YES_AGGRESSIVE;
				GCC_WARN_UNUSED_FUNCTION = YES;
				GCC_WARN_UNUSED_VARIABLE = YES;
				IPHONEOS_DEPLOYMENT_TARGET = 9.2;
				MTL_ENABLE_DEBUG_INFO = NO;
				SDKROOT = iphoneos;
				TARGETED_DEVICE_FAMILY = "1,2";
				VALIDATE_PRODUCT = YES;
			};
			name = Release;
		};
		2487F82F1C4DFFE70070ABA7 /* Debug */ = {
			isa = XCBuildConfiguration;
			buildSettings = {
				ASSETCATALOG_COMPILER_APPICON_NAME = AppIcon;
				FRAMEWORK_SEARCH_PATHS = (
					"$(inherited)",
					"$(PROJECT_DIR)",
				);
				INFOPLIST_FILE = musicsheetmanager_real/Info.plist;
				LD_RUNPATH_SEARCH_PATHS = "$(inherited) @executable_path/Frameworks";
				PRODUCT_BUNDLE_IDENTIFIER = "com.codershigh.musicsheetmanager-real";
				PRODUCT_NAME = "$(TARGET_NAME)";
			};
			name = Debug;
		};
		2487F8301C4DFFE70070ABA7 /* Release */ = {
			isa = XCBuildConfiguration;
			buildSettings = {
				ASSETCATALOG_COMPILER_APPICON_NAME = AppIcon;
				FRAMEWORK_SEARCH_PATHS = (
					"$(inherited)",
					"$(PROJECT_DIR)",
				);
				INFOPLIST_FILE = musicsheetmanager_real/Info.plist;
				LD_RUNPATH_SEARCH_PATHS = "$(inherited) @executable_path/Frameworks";
				PRODUCT_BUNDLE_IDENTIFIER = "com.codershigh.musicsheetmanager-real";
				PRODUCT_NAME = "$(TARGET_NAME)";
			};
			name = Release;
		};
		2487F8321C4DFFE70070ABA7 /* Debug */ = {
			isa = XCBuildConfiguration;
			buildSettings = {
				BUNDLE_LOADER = "$(TEST_HOST)";
				INFOPLIST_FILE = musicsheetmanager_realTests/Info.plist;
				LD_RUNPATH_SEARCH_PATHS = "$(inherited) @executable_path/Frameworks @loader_path/Frameworks";
				PRODUCT_BUNDLE_IDENTIFIER = "com.codershigh.musicsheetmanager-realTests";
				PRODUCT_NAME = "$(TARGET_NAME)";
				TEST_HOST = "$(BUILT_PRODUCTS_DIR)/musicsheetmanager_real.app/musicsheetmanager_real";
			};
			name = Debug;
		};
		2487F8331C4DFFE70070ABA7 /* Release */ = {
			isa = XCBuildConfiguration;
			buildSettings = {
				BUNDLE_LOADER = "$(TEST_HOST)";
				INFOPLIST_FILE = musicsheetmanager_realTests/Info.plist;
				LD_RUNPATH_SEARCH_PATHS = "$(inherited) @executable_path/Frameworks @loader_path/Frameworks";
				PRODUCT_BUNDLE_IDENTIFIER = "com.codershigh.musicsheetmanager-realTests";
				PRODUCT_NAME = "$(TARGET_NAME)";
				TEST_HOST = "$(BUILT_PRODUCTS_DIR)/musicsheetmanager_real.app/musicsheetmanager_real";
			};
			name = Release;
		};
		2487F8351C4DFFE70070ABA7 /* Debug */ = {
			isa = XCBuildConfiguration;
			buildSettings = {
				INFOPLIST_FILE = musicsheetmanager_realUITests/Info.plist;
				LD_RUNPATH_SEARCH_PATHS = "$(inherited) @executable_path/Frameworks @loader_path/Frameworks";
				PRODUCT_BUNDLE_IDENTIFIER = "com.codershigh.musicsheetmanager-realUITests";
				PRODUCT_NAME = "$(TARGET_NAME)";
				TEST_TARGET_NAME = musicsheetmanager_real;
				USES_XCTRUNNER = YES;
			};
			name = Debug;
		};
		2487F8361C4DFFE70070ABA7 /* Release */ = {
			isa = XCBuildConfiguration;
			buildSettings = {
				INFOPLIST_FILE = musicsheetmanager_realUITests/Info.plist;
				LD_RUNPATH_SEARCH_PATHS = "$(inherited) @executable_path/Frameworks @loader_path/Frameworks";
				PRODUCT_BUNDLE_IDENTIFIER = "com.codershigh.musicsheetmanager-realUITests";
				PRODUCT_NAME = "$(TARGET_NAME)";
				TEST_TARGET_NAME = musicsheetmanager_real;
				USES_XCTRUNNER = YES;
			};
			name = Release;
		};
/* End XCBuildConfiguration section */

/* Begin XCConfigurationList section */
		2487F8011C4DFFE70070ABA7 /* Build configuration list for PBXProject "musicsheetmanager_real" */ = {
			isa = XCConfigurationList;
			buildConfigurations = (
				2487F82C1C4DFFE70070ABA7 /* Debug */,
				2487F82D1C4DFFE70070ABA7 /* Release */,
			);
			defaultConfigurationIsVisible = 0;
			defaultConfigurationName = Release;
		};
		2487F82E1C4DFFE70070ABA7 /* Build configuration list for PBXNativeTarget "musicsheetmanager_real" */ = {
			isa = XCConfigurationList;
			buildConfigurations = (
				2487F82F1C4DFFE70070ABA7 /* Debug */,
				2487F8301C4DFFE70070ABA7 /* Release */,
			);
			defaultConfigurationIsVisible = 0;
		};
		2487F8311C4DFFE70070ABA7 /* Build configuration list for PBXNativeTarget "musicsheetmanager_realTests" */ = {
			isa = XCConfigurationList;
			buildConfigurations = (
				2487F8321C4DFFE70070ABA7 /* Debug */,
				2487F8331C4DFFE70070ABA7 /* Release */,
			);
			defaultConfigurationIsVisible = 0;
		};
		2487F8341C4DFFE70070ABA7 /* Build configuration list for PBXNativeTarget "musicsheetmanager_realUITests" */ = {
			isa = XCConfigurationList;
			buildConfigurations = (
				2487F8351C4DFFE70070ABA7 /* Debug */,
				2487F8361C4DFFE70070ABA7 /* Release */,
			);
			defaultConfigurationIsVisible = 0;
		};
/* End XCConfigurationList section */
	};
	rootObject = 2487F7FE1C4DFFE70070ABA7 /* Project object */;
}
